// !$*UTF8*$!
{
	archiveVersion = 1;
	classes = {
	};
	objectVersion = 46;
	objects = {

/* Begin PBXBuildFile section */
		042FC11A1F2A3EDD00B6E507 /* Foundation.framework in Frameworks */ = {isa = PBXBuildFile; fileRef = 042FC1191F2A3EDD00B6E507 /* Foundation.framework */; };
		042FC1371F2A453200B6E507 /* _MTVideo.m in Sources */ = {isa = PBXBuildFile; fileRef = 042FC1341F2A453200B6E507 /* _MTVideo.m */; };
		042FC1381F2A453200B6E507 /* MTVideo.m in Sources */ = {isa = PBXBuildFile; fileRef = 042FC1361F2A453200B6E507 /* MTVideo.m */; };
		043E62DC1F2CB7BE002ECE33 /* MTVideScrubber.m in Sources */ = {isa = PBXBuildFile; fileRef = 043E62DB1F2CB7BE002ECE33 /* MTVideScrubber.m */; };
		043E62E51F2F6C6B002ECE33 /* GridController.m in Sources */ = {isa = PBXBuildFile; fileRef = 043E62E41F2F6C6B002ECE33 /* GridController.m */; };
		043E62E81F2F6CF6002ECE33 /* MTGridView.m in Sources */ = {isa = PBXBuildFile; fileRef = 043E62E71F2F6CF6002ECE33 /* MTGridView.m */; };
		043E62EA1F2F6D11002ECE33 /* MTGridView.xib in Resources */ = {isa = PBXBuildFile; fileRef = 043E62E91F2F6D11002ECE33 /* MTGridView.xib */; };
		043E62ED1F2F6FE8002ECE33 /* MTGridViewCell.m in Sources */ = {isa = PBXBuildFile; fileRef = 043E62EC1F2F6FE8002ECE33 /* MTGridViewCell.m */; };
		0467DDBB1F29462D000872E7 /* MTGetVideosRequest.m in Sources */ = {isa = PBXBuildFile; fileRef = 0467DD6E1F29462D000872E7 /* MTGetVideosRequest.m */; };
		0467DDBC1F29462D000872E7 /* MTGetVideosResponse.m in Sources */ = {isa = PBXBuildFile; fileRef = 0467DD701F29462D000872E7 /* MTGetVideosResponse.m */; };
		0467DDC11F29462D000872E7 /* MTLoginRequest.m in Sources */ = {isa = PBXBuildFile; fileRef = 0467DD7A1F29462D000872E7 /* MTLoginRequest.m */; };
		0467DDC21F29462D000872E7 /* MTLoginResponse.m in Sources */ = {isa = PBXBuildFile; fileRef = 0467DD7C1F29462D000872E7 /* MTLoginResponse.m */; };
		0467DDD51F29462D000872E7 /* SDAuth.m in Sources */ = {isa = PBXBuildFile; fileRef = 0467DDA21F29462D000872E7 /* SDAuth.m */; };
		0467DDD61F29462D000872E7 /* SDDepotRequestHandler.m in Sources */ = {isa = PBXBuildFile; fileRef = 0467DDA41F29462D000872E7 /* SDDepotRequestHandler.m */; };
		0467DDD71F29462D000872E7 /* SDDispatcher.m in Sources */ = {isa = PBXBuildFile; fileRef = 0467DDA61F29462D000872E7 /* SDDispatcher.m */; };
		0467DDD81F29462D000872E7 /* SDRequest.m in Sources */ = {isa = PBXBuildFile; fileRef = 0467DDA81F29462D000872E7 /* SDRequest.m */; };
		0467DDD91F29462D000872E7 /* SDRequestHandler.m in Sources */ = {isa = PBXBuildFile; fileRef = 0467DDAA1F29462D000872E7 /* SDRequestHandler.m */; };
		0467DDDA1F29462D000872E7 /* SDResult.m in Sources */ = {isa = PBXBuildFile; fileRef = 0467DDAC1F29462D000872E7 /* SDResult.m */; };
		0467DDDB1F29462D000872E7 /* SDServiceRequestHandler.m in Sources */ = {isa = PBXBuildFile; fileRef = 0467DDAE1F29462D000872E7 /* SDServiceRequestHandler.m */; };
		0467DDDF1F294680000872E7 /* MTDataModel.m in Sources */ = {isa = PBXBuildFile; fileRef = 0467DDDD1F294680000872E7 /* MTDataModel.m */; };
		0467DDEC1F2948FB000872E7 /* Model.xcdatamodel in Sources */ = {isa = PBXBuildFile; fileRef = 0467DDEB1F2948FB000872E7 /* Model.xcdatamodel */; };
		0467DDFE1F294965000872E7 /* NSObject+PNCast.m in Sources */ = {isa = PBXBuildFile; fileRef = 0467DDEF1F294965000872E7 /* NSObject+PNCast.m */; };
		0467DDFF1F294965000872E7 /* NSString+MTAdditions.m in Sources */ = {isa = PBXBuildFile; fileRef = 0467DDF11F294965000872E7 /* NSString+MTAdditions.m */; };
		0467DE001F294965000872E7 /* NSString+SDAdditions.m in Sources */ = {isa = PBXBuildFile; fileRef = 0467DDF31F294965000872E7 /* NSString+SDAdditions.m */; };
		0467DE011F294965000872E7 /* NSString+Validation.m in Sources */ = {isa = PBXBuildFile; fileRef = 0467DDF51F294965000872E7 /* NSString+Validation.m */; };
		0467DE021F294965000872E7 /* SingleLineTextField.m in Sources */ = {isa = PBXBuildFile; fileRef = 0467DDF71F294965000872E7 /* SingleLineTextField.m */; };
		0467DE031F294965000872E7 /* UIColor+BFPaperColors.m in Sources */ = {isa = PBXBuildFile; fileRef = 0467DDF91F294965000872E7 /* UIColor+BFPaperColors.m */; };
		0467DE041F294965000872E7 /* UIImage+Blur.m in Sources */ = {isa = PBXBuildFile; fileRef = 0467DDFB1F294965000872E7 /* UIImage+Blur.m */; };
		0467DE051F294965000872E7 /* UIImage_SDAdditions.m in Sources */ = {isa = PBXBuildFile; fileRef = 0467DDFD1F294965000872E7 /* UIImage_SDAdditions.m */; };
		0467DE0E1F294A91000872E7 /* Reachability.m in Sources */ = {isa = PBXBuildFile; fileRef = 0467DE071F294A91000872E7 /* Reachability.m */; };
		0467DE0F1F294A91000872E7 /* SDInternetConnection.m in Sources */ = {isa = PBXBuildFile; fileRef = 0467DE091F294A91000872E7 /* SDInternetConnection.m */; };
		0467DE101F294A91000872E7 /* SDKeyStorage.m in Sources */ = {isa = PBXBuildFile; fileRef = 0467DE0B1F294A91000872E7 /* SDKeyStorage.m */; };
		0467DE111F294A91000872E7 /* SDUserSettings.m in Sources */ = {isa = PBXBuildFile; fileRef = 0467DE0D1F294A91000872E7 /* SDUserSettings.m */; };
		0467DE221F2A3D9B000872E7 /* CoreData.framework in Frameworks */ = {isa = PBXBuildFile; fileRef = 0467DE211F2A3D9B000872E7 /* CoreData.framework */; };
		04C509931F1666E4006A9084 /* MenuCell.m in Sources */ = {isa = PBXBuildFile; fileRef = 04C509921F1666E4006A9084 /* MenuCell.m */; };
		04D369AA1F0563720058A484 /* MTInfoView.m in Sources */ = {isa = PBXBuildFile; fileRef = 04D369A81F0563720058A484 /* MTInfoView.m */; };
		04D369AB1F0563720058A484 /* MTInfoView.xib in Resources */ = {isa = PBXBuildFile; fileRef = 04D369A91F0563720058A484 /* MTInfoView.xib */; };
		474467F81EF19CE900857770 /* main.m in Sources */ = {isa = PBXBuildFile; fileRef = 474467F71EF19CE900857770 /* main.m */; };
		474467FB1EF19CE900857770 /* AppDelegate.m in Sources */ = {isa = PBXBuildFile; fileRef = 474467FA1EF19CE900857770 /* AppDelegate.m */; };
		474467FE1EF19CE900857770 /* ViewController.m in Sources */ = {isa = PBXBuildFile; fileRef = 474467FD1EF19CE900857770 /* ViewController.m */; };
		474468011EF19CE900857770 /* Main.storyboard in Resources */ = {isa = PBXBuildFile; fileRef = 474467FF1EF19CE900857770 /* Main.storyboard */; };
		474468031EF19CE900857770 /* Assets.xcassets in Resources */ = {isa = PBXBuildFile; fileRef = 474468021EF19CE900857770 /* Assets.xcassets */; };
		474468061EF19CE900857770 /* LaunchScreen.storyboard in Resources */ = {isa = PBXBuildFile; fileRef = 474468041EF19CE900857770 /* LaunchScreen.storyboard */; };
		4744683F1EF19E6400857770 /* AVAsset+CTVideoView.m in Sources */ = {isa = PBXBuildFile; fileRef = 474468111EF19E6400857770 /* AVAsset+CTVideoView.m */; };
		474468401EF19E6400857770 /* CTVideoView+Download.m in Sources */ = {isa = PBXBuildFile; fileRef = 474468151EF19E6400857770 /* CTVideoView+Download.m */; };
		474468411EF19E6400857770 /* CTVideoView+FullScreen.m in Sources */ = {isa = PBXBuildFile; fileRef = 474468181EF19E6400857770 /* CTVideoView+FullScreen.m */; };
		474468451EF19E6400857770 /* CTVideoView+Time.m in Sources */ = {isa = PBXBuildFile; fileRef = 474468251EF19E6400857770 /* CTVideoView+Time.m */; };
		474468461EF19E6400857770 /* CTVideoView+VideoCoverView.m in Sources */ = {isa = PBXBuildFile; fileRef = 474468281EF19E6400857770 /* CTVideoView+VideoCoverView.m */; };
		474468471EF19E6400857770 /* UIPanGestureRecognizer+ExtraMethods.m in Sources */ = {isa = PBXBuildFile; fileRef = 4744682B1EF19E6400857770 /* UIPanGestureRecognizer+ExtraMethods.m */; };
		474468481EF19E6400857770 /* CTVideoView.m in Sources */ = {isa = PBXBuildFile; fileRef = 4744682F1EF19E6400857770 /* CTVideoView.m */; };
		474468491EF19E6400857770 /* CTVideoDataCenter.m in Sources */ = {isa = PBXBuildFile; fileRef = 474468321EF19E6400857770 /* CTVideoDataCenter.m */; };
		4744684A1EF19E6400857770 /* CTVideoRecord.m in Sources */ = {isa = PBXBuildFile; fileRef = 474468351EF19E6400857770 /* CTVideoRecord.m */; };
		4744684B1EF19E6400857770 /* CTVideoTable.m in Sources */ = {isa = PBXBuildFile; fileRef = 474468381EF19E6400857770 /* CTVideoTable.m */; };
		4744684C1EF19E6400857770 /* CTVideoManager.m in Sources */ = {isa = PBXBuildFile; fileRef = 4744683B1EF19E6400857770 /* CTVideoManager.m */; };
		474468521EF19F1900857770 /* UIView+HandyAutoLayout.m in Sources */ = {isa = PBXBuildFile; fileRef = 4744684F1EF19F1900857770 /* UIView+HandyAutoLayout.m */; };
		474468531EF19F1900857770 /* UIView+LayoutMethods.m in Sources */ = {isa = PBXBuildFile; fileRef = 474468511EF19F1900857770 /* UIView+LayoutMethods.m */; };
		4744689F1EF1A01A00857770 /* CTPersistanceAsyncExecutor.m in Sources */ = {isa = PBXBuildFile; fileRef = 474468571EF1A01900857770 /* CTPersistanceAsyncExecutor.m */; };
		474468A01EF1A01A00857770 /* NSArray+CTPersistanceRecordTransform.m in Sources */ = {isa = PBXBuildFile; fileRef = 4744685C1EF1A01900857770 /* NSArray+CTPersistanceRecordTransform.m */; };
		474468A11EF1A01A00857770 /* NSString+ReqularExpression.m in Sources */ = {isa = PBXBuildFile; fileRef = 474468601EF1A01900857770 /* NSString+ReqularExpression.m */; };
		474468A21EF1A01A00857770 /* NSString+SQL.m in Sources */ = {isa = PBXBuildFile; fileRef = 474468631EF1A01900857770 /* NSString+SQL.m */; };
		474468A31EF1A01A00857770 /* CTPersistanceCriteria.m in Sources */ = {isa = PBXBuildFile; fileRef = 474468661EF1A01900857770 /* CTPersistanceCriteria.m */; };
		474468A41EF1A01A00857770 /* CTPersistanceDataBase.m in Sources */ = {isa = PBXBuildFile; fileRef = 4744686C1EF1A01900857770 /* CTPersistanceDataBase.m */; };
		474468A51EF1A01A00857770 /* CTPersistanceDatabasePool.m in Sources */ = {isa = PBXBuildFile; fileRef = 4744686E1EF1A01900857770 /* CTPersistanceDatabasePool.m */; };
		474468A61EF1A01A00857770 /* CTPersistanceMigrator.m in Sources */ = {isa = PBXBuildFile; fileRef = 474468711EF1A01900857770 /* CTPersistanceMigrator.m */; };
		474468A71EF1A01A00857770 /* CTPersistanceVersionTable.m in Sources */ = {isa = PBXBuildFile; fileRef = 474468741EF1A01900857770 /* CTPersistanceVersionTable.m */; };
		474468A81EF1A01A00857770 /* CTPersistanceVersionRecord.m in Sources */ = {isa = PBXBuildFile; fileRef = 474468771EF1A01900857770 /* CTPersistanceVersionRecord.m */; };
		474468A91EF1A01A00857770 /* CTPersistanceQueryCommand+DataManipulations.m in Sources */ = {isa = PBXBuildFile; fileRef = 4744687C1EF1A01900857770 /* CTPersistanceQueryCommand+DataManipulations.m */; };
		474468AA1EF1A01A00857770 /* CTPersistanceQueryCommand+ReadMethods.m in Sources */ = {isa = PBXBuildFile; fileRef = 4744687F1EF1A01900857770 /* CTPersistanceQueryCommand+ReadMethods.m */; };
		474468AB1EF1A01A00857770 /* CTPersistanceQueryCommand+SchemaManipulations.m in Sources */ = {isa = PBXBuildFile; fileRef = 474468821EF1A01900857770 /* CTPersistanceQueryCommand+SchemaManipulations.m */; };
		474468AC1EF1A01A00857770 /* CTPersistanceQueryCommand+Status.m in Sources */ = {isa = PBXBuildFile; fileRef = 474468851EF1A01900857770 /* CTPersistanceQueryCommand+Status.m */; };
		474468AD1EF1A01A00857770 /* CTPersistanceQueryCommand.m in Sources */ = {isa = PBXBuildFile; fileRef = 474468871EF1A01900857770 /* CTPersistanceQueryCommand.m */; };
		474468AE1EF1A01A00857770 /* CTPersistanceRecord.m in Sources */ = {isa = PBXBuildFile; fileRef = 4744688A1EF1A01900857770 /* CTPersistanceRecord.m */; };
		474468AF1EF1A01A00857770 /* CTPersistanceTable+Delete.m in Sources */ = {isa = PBXBuildFile; fileRef = 474468901EF1A01900857770 /* CTPersistanceTable+Delete.m */; };
		474468B01EF1A01A00857770 /* CTPersistanceTable+Find.m in Sources */ = {isa = PBXBuildFile; fileRef = 474468931EF1A01900857770 /* CTPersistanceTable+Find.m */; };
		474468B11EF1A01A00857770 /* CTPersistanceTable+Insert.m in Sources */ = {isa = PBXBuildFile; fileRef = 474468961EF1A01900857770 /* CTPersistanceTable+Insert.m */; };
		474468B21EF1A01A00857770 /* CTPersistanceTable+Update.m in Sources */ = {isa = PBXBuildFile; fileRef = 474468991EF1A01900857770 /* CTPersistanceTable+Update.m */; };
		474468B31EF1A01A00857770 /* CTPersistanceTable.m in Sources */ = {isa = PBXBuildFile; fileRef = 4744689B1EF1A01900857770 /* CTPersistanceTable.m */; };
		474468B41EF1A01A00857770 /* CTPersistanceTransaction.m in Sources */ = {isa = PBXBuildFile; fileRef = 4744689E1EF1A01900857770 /* CTPersistanceTransaction.m */; };
		474468B61EF1A0ED00857770 /* libsqlite3.tbd in Frameworks */ = {isa = PBXBuildFile; fileRef = 474468B51EF1A0ED00857770 /* libsqlite3.tbd */; };
		474468B91EF1AB2F00857770 /* MTVideoView.m in Sources */ = {isa = PBXBuildFile; fileRef = 474468B81EF1AB2F00857770 /* MTVideoView.m */; };
		47A977241EF44B0C00621404 /* MTPodscastsView.m in Sources */ = {isa = PBXBuildFile; fileRef = 47A977231EF44B0C00621404 /* MTPodscastsView.m */; };
		47FA88251EF840F700AECDFD /* MTOverlayView.m in Sources */ = {isa = PBXBuildFile; fileRef = 47FA88241EF840F700AECDFD /* MTOverlayView.m */; };
		B8778F5614AB9CDA6B91ED47 /* Pods_Video.framework in Frameworks */ = {isa = PBXBuildFile; fileRef = 9AF88BA27DC636111C047CA8 /* Pods_Video.framework */; };
/* End PBXBuildFile section */

/* Begin PBXFileReference section */
		042FC1191F2A3EDD00B6E507 /* Foundation.framework */ = {isa = PBXFileReference; lastKnownFileType = wrapper.framework; name = Foundation.framework; path = System/Library/Frameworks/Foundation.framework; sourceTree = SDKROOT; };
		042FC1331F2A453200B6E507 /* _MTVideo.h */ = {isa = PBXFileReference; fileEncoding = 4; lastKnownFileType = sourcecode.c.h; path = _MTVideo.h; sourceTree = "<group>"; };
		042FC1341F2A453200B6E507 /* _MTVideo.m */ = {isa = PBXFileReference; fileEncoding = 4; lastKnownFileType = sourcecode.c.objc; path = _MTVideo.m; sourceTree = "<group>"; };
		042FC1351F2A453200B6E507 /* MTVideo.h */ = {isa = PBXFileReference; fileEncoding = 4; lastKnownFileType = sourcecode.c.h; path = MTVideo.h; sourceTree = "<group>"; };
		042FC1361F2A453200B6E507 /* MTVideo.m */ = {isa = PBXFileReference; fileEncoding = 4; lastKnownFileType = sourcecode.c.objc; path = MTVideo.m; sourceTree = "<group>"; };
		043E62DA1F2CB7BE002ECE33 /* MTVideScrubber.h */ = {isa = PBXFileReference; fileEncoding = 4; lastKnownFileType = sourcecode.c.h; path = MTVideScrubber.h; sourceTree = "<group>"; };
		043E62DB1F2CB7BE002ECE33 /* MTVideScrubber.m */ = {isa = PBXFileReference; fileEncoding = 4; lastKnownFileType = sourcecode.c.objc; path = MTVideScrubber.m; sourceTree = "<group>"; };
		043E62DD1F2F61CC002ECE33 /* VideoUI.pch */ = {isa = PBXFileReference; lastKnownFileType = sourcecode.c.h; name = VideoUI.pch; path = Video/Common/VideoUI.pch; sourceTree = SOURCE_ROOT; };
		043E62E31F2F6C6B002ECE33 /* GridController.h */ = {isa = PBXFileReference; fileEncoding = 4; lastKnownFileType = sourcecode.c.h; name = GridController.h; path = Module/GridView/GridController.h; sourceTree = "<group>"; };
		043E62E41F2F6C6B002ECE33 /* GridController.m */ = {isa = PBXFileReference; fileEncoding = 4; lastKnownFileType = sourcecode.c.objc; name = GridController.m; path = Module/GridView/GridController.m; sourceTree = "<group>"; };
		043E62E61F2F6CF6002ECE33 /* MTGridView.h */ = {isa = PBXFileReference; fileEncoding = 4; lastKnownFileType = sourcecode.c.h; path = MTGridView.h; sourceTree = "<group>"; };
		043E62E71F2F6CF6002ECE33 /* MTGridView.m */ = {isa = PBXFileReference; fileEncoding = 4; lastKnownFileType = sourcecode.c.objc; path = MTGridView.m; sourceTree = "<group>"; };
		043E62E91F2F6D11002ECE33 /* MTGridView.xib */ = {isa = PBXFileReference; fileEncoding = 4; lastKnownFileType = file.xib; path = MTGridView.xib; sourceTree = "<group>"; };
		043E62EB1F2F6FE8002ECE33 /* MTGridViewCell.h */ = {isa = PBXFileReference; fileEncoding = 4; lastKnownFileType = sourcecode.c.h; path = MTGridViewCell.h; sourceTree = "<group>"; };
		043E62EC1F2F6FE8002ECE33 /* MTGridViewCell.m */ = {isa = PBXFileReference; fileEncoding = 4; lastKnownFileType = sourcecode.c.objc; path = MTGridViewCell.m; sourceTree = "<group>"; };
		0467DD6D1F29462D000872E7 /* MTGetVideosRequest.h */ = {isa = PBXFileReference; fileEncoding = 4; lastKnownFileType = sourcecode.c.h; path = MTGetVideosRequest.h; sourceTree = "<group>"; };
		0467DD6E1F29462D000872E7 /* MTGetVideosRequest.m */ = {isa = PBXFileReference; fileEncoding = 4; lastKnownFileType = sourcecode.c.objc; path = MTGetVideosRequest.m; sourceTree = "<group>"; };
		0467DD6F1F29462D000872E7 /* MTGetVideosResponse.h */ = {isa = PBXFileReference; fileEncoding = 4; lastKnownFileType = sourcecode.c.h; path = MTGetVideosResponse.h; sourceTree = "<group>"; };
		0467DD701F29462D000872E7 /* MTGetVideosResponse.m */ = {isa = PBXFileReference; fileEncoding = 4; lastKnownFileType = sourcecode.c.objc; path = MTGetVideosResponse.m; sourceTree = "<group>"; };
		0467DD791F29462D000872E7 /* MTLoginRequest.h */ = {isa = PBXFileReference; fileEncoding = 4; lastKnownFileType = sourcecode.c.h; path = MTLoginRequest.h; sourceTree = "<group>"; };
		0467DD7A1F29462D000872E7 /* MTLoginRequest.m */ = {isa = PBXFileReference; fileEncoding = 4; lastKnownFileType = sourcecode.c.objc; path = MTLoginRequest.m; sourceTree = "<group>"; };
		0467DD7B1F29462D000872E7 /* MTLoginResponse.h */ = {isa = PBXFileReference; fileEncoding = 4; lastKnownFileType = sourcecode.c.h; path = MTLoginResponse.h; sourceTree = "<group>"; };
		0467DD7C1F29462D000872E7 /* MTLoginResponse.m */ = {isa = PBXFileReference; fileEncoding = 4; lastKnownFileType = sourcecode.c.objc; path = MTLoginResponse.m; sourceTree = "<group>"; };
		0467DDA11F29462D000872E7 /* SDAuth.h */ = {isa = PBXFileReference; fileEncoding = 4; lastKnownFileType = sourcecode.c.h; path = SDAuth.h; sourceTree = "<group>"; };
		0467DDA21F29462D000872E7 /* SDAuth.m */ = {isa = PBXFileReference; fileEncoding = 4; lastKnownFileType = sourcecode.c.objc; path = SDAuth.m; sourceTree = "<group>"; };
		0467DDA31F29462D000872E7 /* SDDepotRequestHandler.h */ = {isa = PBXFileReference; fileEncoding = 4; lastKnownFileType = sourcecode.c.h; path = SDDepotRequestHandler.h; sourceTree = "<group>"; };
		0467DDA41F29462D000872E7 /* SDDepotRequestHandler.m */ = {isa = PBXFileReference; fileEncoding = 4; lastKnownFileType = sourcecode.c.objc; path = SDDepotRequestHandler.m; sourceTree = "<group>"; };
		0467DDA51F29462D000872E7 /* SDDispatcher.h */ = {isa = PBXFileReference; fileEncoding = 4; lastKnownFileType = sourcecode.c.h; path = SDDispatcher.h; sourceTree = "<group>"; };
		0467DDA61F29462D000872E7 /* SDDispatcher.m */ = {isa = PBXFileReference; fileEncoding = 4; lastKnownFileType = sourcecode.c.objc; path = SDDispatcher.m; sourceTree = "<group>"; };
		0467DDA71F29462D000872E7 /* SDRequest.h */ = {isa = PBXFileReference; fileEncoding = 4; lastKnownFileType = sourcecode.c.h; path = SDRequest.h; sourceTree = "<group>"; };
		0467DDA81F29462D000872E7 /* SDRequest.m */ = {isa = PBXFileReference; fileEncoding = 4; lastKnownFileType = sourcecode.c.objc; path = SDRequest.m; sourceTree = "<group>"; };
		0467DDA91F29462D000872E7 /* SDRequestHandler.h */ = {isa = PBXFileReference; fileEncoding = 4; lastKnownFileType = sourcecode.c.h; path = SDRequestHandler.h; sourceTree = "<group>"; };
		0467DDAA1F29462D000872E7 /* SDRequestHandler.m */ = {isa = PBXFileReference; fileEncoding = 4; lastKnownFileType = sourcecode.c.objc; path = SDRequestHandler.m; sourceTree = "<group>"; };
		0467DDAB1F29462D000872E7 /* SDResult.h */ = {isa = PBXFileReference; fileEncoding = 4; lastKnownFileType = sourcecode.c.h; path = SDResult.h; sourceTree = "<group>"; };
		0467DDAC1F29462D000872E7 /* SDResult.m */ = {isa = PBXFileReference; fileEncoding = 4; lastKnownFileType = sourcecode.c.objc; path = SDResult.m; sourceTree = "<group>"; };
		0467DDAD1F29462D000872E7 /* SDServiceRequestHandler.h */ = {isa = PBXFileReference; fileEncoding = 4; lastKnownFileType = sourcecode.c.h; path = SDServiceRequestHandler.h; sourceTree = "<group>"; };
		0467DDAE1F29462D000872E7 /* SDServiceRequestHandler.m */ = {isa = PBXFileReference; fileEncoding = 4; lastKnownFileType = sourcecode.c.objc; path = SDServiceRequestHandler.m; sourceTree = "<group>"; };
		0467DDDC1F294680000872E7 /* MTDataModel.h */ = {isa = PBXFileReference; fileEncoding = 4; lastKnownFileType = sourcecode.c.h; name = MTDataModel.h; path = Video/Model/MTDataModel.h; sourceTree = SOURCE_ROOT; };
		0467DDDD1F294680000872E7 /* MTDataModel.m */ = {isa = PBXFileReference; fileEncoding = 4; lastKnownFileType = sourcecode.c.objc; name = MTDataModel.m; path = Video/Model/MTDataModel.m; sourceTree = SOURCE_ROOT; };
		0467DDEB1F2948FB000872E7 /* Model.xcdatamodel */ = {isa = PBXFileReference; lastKnownFileType = wrapper.xcdatamodel; name = Model.xcdatamodel; path = Video/Model/Model.xcdatamodeld/Model.xcdatamodel; sourceTree = SOURCE_ROOT; };
		0467DDEE1F294965000872E7 /* NSObject+PNCast.h */ = {isa = PBXFileReference; fileEncoding = 4; lastKnownFileType = sourcecode.c.h; path = "NSObject+PNCast.h"; sourceTree = "<group>"; };
		0467DDEF1F294965000872E7 /* NSObject+PNCast.m */ = {isa = PBXFileReference; fileEncoding = 4; lastKnownFileType = sourcecode.c.objc; path = "NSObject+PNCast.m"; sourceTree = "<group>"; };
		0467DDF01F294965000872E7 /* NSString+MTAdditions.h */ = {isa = PBXFileReference; fileEncoding = 4; lastKnownFileType = sourcecode.c.h; path = "NSString+MTAdditions.h"; sourceTree = "<group>"; };
		0467DDF11F294965000872E7 /* NSString+MTAdditions.m */ = {isa = PBXFileReference; fileEncoding = 4; lastKnownFileType = sourcecode.c.objc; path = "NSString+MTAdditions.m"; sourceTree = "<group>"; };
		0467DDF21F294965000872E7 /* NSString+SDAdditions.h */ = {isa = PBXFileReference; fileEncoding = 4; lastKnownFileType = sourcecode.c.h; path = "NSString+SDAdditions.h"; sourceTree = "<group>"; };
		0467DDF31F294965000872E7 /* NSString+SDAdditions.m */ = {isa = PBXFileReference; fileEncoding = 4; lastKnownFileType = sourcecode.c.objc; path = "NSString+SDAdditions.m"; sourceTree = "<group>"; };
		0467DDF41F294965000872E7 /* NSString+Validation.h */ = {isa = PBXFileReference; fileEncoding = 4; lastKnownFileType = sourcecode.c.h; path = "NSString+Validation.h"; sourceTree = "<group>"; };
		0467DDF51F294965000872E7 /* NSString+Validation.m */ = {isa = PBXFileReference; fileEncoding = 4; lastKnownFileType = sourcecode.c.objc; path = "NSString+Validation.m"; sourceTree = "<group>"; };
		0467DDF61F294965000872E7 /* SingleLineTextField.h */ = {isa = PBXFileReference; fileEncoding = 4; lastKnownFileType = sourcecode.c.h; path = SingleLineTextField.h; sourceTree = "<group>"; };
		0467DDF71F294965000872E7 /* SingleLineTextField.m */ = {isa = PBXFileReference; fileEncoding = 4; lastKnownFileType = sourcecode.c.objc; path = SingleLineTextField.m; sourceTree = "<group>"; };
		0467DDF81F294965000872E7 /* UIColor+BFPaperColors.h */ = {isa = PBXFileReference; fileEncoding = 4; lastKnownFileType = sourcecode.c.h; path = "UIColor+BFPaperColors.h"; sourceTree = "<group>"; };
		0467DDF91F294965000872E7 /* UIColor+BFPaperColors.m */ = {isa = PBXFileReference; fileEncoding = 4; lastKnownFileType = sourcecode.c.objc; path = "UIColor+BFPaperColors.m"; sourceTree = "<group>"; };
		0467DDFA1F294965000872E7 /* UIImage+Blur.h */ = {isa = PBXFileReference; fileEncoding = 4; lastKnownFileType = sourcecode.c.h; path = "UIImage+Blur.h"; sourceTree = "<group>"; };
		0467DDFB1F294965000872E7 /* UIImage+Blur.m */ = {isa = PBXFileReference; fileEncoding = 4; lastKnownFileType = sourcecode.c.objc; path = "UIImage+Blur.m"; sourceTree = "<group>"; };
		0467DDFC1F294965000872E7 /* UIImage_SDAdditions.h */ = {isa = PBXFileReference; fileEncoding = 4; lastKnownFileType = sourcecode.c.h; path = UIImage_SDAdditions.h; sourceTree = "<group>"; };
		0467DDFD1F294965000872E7 /* UIImage_SDAdditions.m */ = {isa = PBXFileReference; fileEncoding = 4; lastKnownFileType = sourcecode.c.objc; path = UIImage_SDAdditions.m; sourceTree = "<group>"; };
		0467DE061F294A91000872E7 /* Reachability.h */ = {isa = PBXFileReference; fileEncoding = 4; lastKnownFileType = sourcecode.c.h; name = Reachability.h; path = Video/Common/Reachability.h; sourceTree = SOURCE_ROOT; };
		0467DE071F294A91000872E7 /* Reachability.m */ = {isa = PBXFileReference; fileEncoding = 4; lastKnownFileType = sourcecode.c.objc; name = Reachability.m; path = Video/Common/Reachability.m; sourceTree = SOURCE_ROOT; };
		0467DE081F294A91000872E7 /* SDInternetConnection.h */ = {isa = PBXFileReference; fileEncoding = 4; lastKnownFileType = sourcecode.c.h; name = SDInternetConnection.h; path = Video/Common/SDInternetConnection.h; sourceTree = SOURCE_ROOT; };
		0467DE091F294A91000872E7 /* SDInternetConnection.m */ = {isa = PBXFileReference; fileEncoding = 4; lastKnownFileType = sourcecode.c.objc; name = SDInternetConnection.m; path = Video/Common/SDInternetConnection.m; sourceTree = SOURCE_ROOT; };
		0467DE0A1F294A91000872E7 /* SDKeyStorage.h */ = {isa = PBXFileReference; fileEncoding = 4; lastKnownFileType = sourcecode.c.h; name = SDKeyStorage.h; path = Video/Common/SDKeyStorage.h; sourceTree = SOURCE_ROOT; };
		0467DE0B1F294A91000872E7 /* SDKeyStorage.m */ = {isa = PBXFileReference; fileEncoding = 4; lastKnownFileType = sourcecode.c.objc; name = SDKeyStorage.m; path = Video/Common/SDKeyStorage.m; sourceTree = SOURCE_ROOT; };
		0467DE0C1F294A91000872E7 /* SDUserSettings.h */ = {isa = PBXFileReference; fileEncoding = 4; lastKnownFileType = sourcecode.c.h; name = SDUserSettings.h; path = Video/Common/SDUserSettings.h; sourceTree = SOURCE_ROOT; };
		0467DE0D1F294A91000872E7 /* SDUserSettings.m */ = {isa = PBXFileReference; fileEncoding = 4; lastKnownFileType = sourcecode.c.objc; name = SDUserSettings.m; path = Video/Common/SDUserSettings.m; sourceTree = SOURCE_ROOT; };
		0467DE211F2A3D9B000872E7 /* CoreData.framework */ = {isa = PBXFileReference; lastKnownFileType = wrapper.framework; name = CoreData.framework; path = System/Library/Frameworks/CoreData.framework; sourceTree = SDKROOT; };
		04C509911F1666E4006A9084 /* MenuCell.h */ = {isa = PBXFileReference; fileEncoding = 4; lastKnownFileType = sourcecode.c.h; path = MenuCell.h; sourceTree = "<group>"; };
		04C509921F1666E4006A9084 /* MenuCell.m */ = {isa = PBXFileReference; fileEncoding = 4; lastKnownFileType = sourcecode.c.objc; path = MenuCell.m; sourceTree = "<group>"; };
		04D369A31F0563170058A484 /* Constants.h */ = {isa = PBXFileReference; lastKnownFileType = sourcecode.c.h; name = Constants.h; path = Video/Common/Constants.h; sourceTree = SOURCE_ROOT; };
		04D369A71F0563720058A484 /* MTInfoView.h */ = {isa = PBXFileReference; fileEncoding = 4; lastKnownFileType = sourcecode.c.h; path = MTInfoView.h; sourceTree = "<group>"; };
		04D369A81F0563720058A484 /* MTInfoView.m */ = {isa = PBXFileReference; fileEncoding = 4; lastKnownFileType = sourcecode.c.objc; path = MTInfoView.m; sourceTree = "<group>"; };
		04D369A91F0563720058A484 /* MTInfoView.xib */ = {isa = PBXFileReference; fileEncoding = 4; lastKnownFileType = file.xib; path = MTInfoView.xib; sourceTree = "<group>"; };
		474467F31EF19CE900857770 /* Video.app */ = {isa = PBXFileReference; explicitFileType = wrapper.application; includeInIndex = 0; path = Video.app; sourceTree = BUILT_PRODUCTS_DIR; };
		474467F71EF19CE900857770 /* main.m */ = {isa = PBXFileReference; lastKnownFileType = sourcecode.c.objc; path = main.m; sourceTree = "<group>"; };
		474467F91EF19CE900857770 /* AppDelegate.h */ = {isa = PBXFileReference; lastKnownFileType = sourcecode.c.h; path = AppDelegate.h; sourceTree = "<group>"; };
		474467FA1EF19CE900857770 /* AppDelegate.m */ = {isa = PBXFileReference; lastKnownFileType = sourcecode.c.objc; path = AppDelegate.m; sourceTree = "<group>"; };
		474467FC1EF19CE900857770 /* ViewController.h */ = {isa = PBXFileReference; lastKnownFileType = sourcecode.c.h; path = ViewController.h; sourceTree = "<group>"; };
		474467FD1EF19CE900857770 /* ViewController.m */ = {isa = PBXFileReference; lastKnownFileType = sourcecode.c.objc; path = ViewController.m; sourceTree = "<group>"; };
		474468001EF19CE900857770 /* Base */ = {isa = PBXFileReference; lastKnownFileType = file.storyboard; name = Base; path = Base.lproj/Main.storyboard; sourceTree = "<group>"; };
		474468021EF19CE900857770 /* Assets.xcassets */ = {isa = PBXFileReference; lastKnownFileType = folder.assetcatalog; path = Assets.xcassets; sourceTree = "<group>"; };
		474468051EF19CE900857770 /* Base */ = {isa = PBXFileReference; lastKnownFileType = file.storyboard; name = Base; path = Base.lproj/LaunchScreen.storyboard; sourceTree = "<group>"; };
		474468071EF19CE900857770 /* Info.plist */ = {isa = PBXFileReference; lastKnownFileType = text.plist.xml; path = Info.plist; sourceTree = "<group>"; };
		474468101EF19E6400857770 /* AVAsset+CTVideoView.h */ = {isa = PBXFileReference; fileEncoding = 4; lastKnownFileType = sourcecode.c.h; path = "AVAsset+CTVideoView.h"; sourceTree = "<group>"; };
		474468111EF19E6400857770 /* AVAsset+CTVideoView.m */ = {isa = PBXFileReference; fileEncoding = 4; lastKnownFileType = sourcecode.c.objc; path = "AVAsset+CTVideoView.m"; sourceTree = "<group>"; };
		474468141EF19E6400857770 /* CTVideoView+Download.h */ = {isa = PBXFileReference; fileEncoding = 4; lastKnownFileType = sourcecode.c.h; path = "CTVideoView+Download.h"; sourceTree = "<group>"; };
		474468151EF19E6400857770 /* CTVideoView+Download.m */ = {isa = PBXFileReference; fileEncoding = 4; lastKnownFileType = sourcecode.c.objc; path = "CTVideoView+Download.m"; sourceTree = "<group>"; };
		474468171EF19E6400857770 /* CTVideoView+FullScreen.h */ = {isa = PBXFileReference; fileEncoding = 4; lastKnownFileType = sourcecode.c.h; path = "CTVideoView+FullScreen.h"; sourceTree = "<group>"; };
		474468181EF19E6400857770 /* CTVideoView+FullScreen.m */ = {isa = PBXFileReference; fileEncoding = 4; lastKnownFileType = sourcecode.c.objc; path = "CTVideoView+FullScreen.m"; sourceTree = "<group>"; };
		474468241EF19E6400857770 /* CTVideoView+Time.h */ = {isa = PBXFileReference; fileEncoding = 4; lastKnownFileType = sourcecode.c.h; path = "CTVideoView+Time.h"; sourceTree = "<group>"; };
		474468251EF19E6400857770 /* CTVideoView+Time.m */ = {isa = PBXFileReference; fileEncoding = 4; lastKnownFileType = sourcecode.c.objc; path = "CTVideoView+Time.m"; sourceTree = "<group>"; };
		474468271EF19E6400857770 /* CTVideoView+VideoCoverView.h */ = {isa = PBXFileReference; fileEncoding = 4; lastKnownFileType = sourcecode.c.h; path = "CTVideoView+VideoCoverView.h"; sourceTree = "<group>"; };
		474468281EF19E6400857770 /* CTVideoView+VideoCoverView.m */ = {isa = PBXFileReference; fileEncoding = 4; lastKnownFileType = sourcecode.c.objc; path = "CTVideoView+VideoCoverView.m"; sourceTree = "<group>"; };
		4744682A1EF19E6400857770 /* UIPanGestureRecognizer+ExtraMethods.h */ = {isa = PBXFileReference; fileEncoding = 4; lastKnownFileType = sourcecode.c.h; path = "UIPanGestureRecognizer+ExtraMethods.h"; sourceTree = "<group>"; };
		4744682B1EF19E6400857770 /* UIPanGestureRecognizer+ExtraMethods.m */ = {isa = PBXFileReference; fileEncoding = 4; lastKnownFileType = sourcecode.c.objc; path = "UIPanGestureRecognizer+ExtraMethods.m"; sourceTree = "<group>"; };
		4744682E1EF19E6400857770 /* CTVideoView.h */ = {isa = PBXFileReference; fileEncoding = 4; lastKnownFileType = sourcecode.c.h; path = CTVideoView.h; sourceTree = "<group>"; };
		4744682F1EF19E6400857770 /* CTVideoView.m */ = {isa = PBXFileReference; fileEncoding = 4; lastKnownFileType = sourcecode.c.objc; path = CTVideoView.m; sourceTree = "<group>"; };
		474468311EF19E6400857770 /* CTVideoDataCenter.h */ = {isa = PBXFileReference; fileEncoding = 4; lastKnownFileType = sourcecode.c.h; path = CTVideoDataCenter.h; sourceTree = "<group>"; };
		474468321EF19E6400857770 /* CTVideoDataCenter.m */ = {isa = PBXFileReference; fileEncoding = 4; lastKnownFileType = sourcecode.c.objc; path = CTVideoDataCenter.m; sourceTree = "<group>"; };
		474468341EF19E6400857770 /* CTVideoRecord.h */ = {isa = PBXFileReference; fileEncoding = 4; lastKnownFileType = sourcecode.c.h; path = CTVideoRecord.h; sourceTree = "<group>"; };
		474468351EF19E6400857770 /* CTVideoRecord.m */ = {isa = PBXFileReference; fileEncoding = 4; lastKnownFileType = sourcecode.c.objc; path = CTVideoRecord.m; sourceTree = "<group>"; };
		474468371EF19E6400857770 /* CTVideoTable.h */ = {isa = PBXFileReference; fileEncoding = 4; lastKnownFileType = sourcecode.c.h; path = CTVideoTable.h; sourceTree = "<group>"; };
		474468381EF19E6400857770 /* CTVideoTable.m */ = {isa = PBXFileReference; fileEncoding = 4; lastKnownFileType = sourcecode.c.objc; path = CTVideoTable.m; sourceTree = "<group>"; };
		4744683A1EF19E6400857770 /* CTVideoManager.h */ = {isa = PBXFileReference; fileEncoding = 4; lastKnownFileType = sourcecode.c.h; path = CTVideoManager.h; sourceTree = "<group>"; };
		4744683B1EF19E6400857770 /* CTVideoManager.m */ = {isa = PBXFileReference; fileEncoding = 4; lastKnownFileType = sourcecode.c.objc; path = CTVideoManager.m; sourceTree = "<group>"; };
		4744683C1EF19E6400857770 /* CTVideoViewCommonHeader.h */ = {isa = PBXFileReference; fileEncoding = 4; lastKnownFileType = sourcecode.c.h; path = CTVideoViewCommonHeader.h; sourceTree = "<group>"; };
		4744683E1EF19E6400857770 /* CTVideoViewDefinitions.h */ = {isa = PBXFileReference; fileEncoding = 4; lastKnownFileType = sourcecode.c.h; path = CTVideoViewDefinitions.h; sourceTree = "<group>"; };
		4744684E1EF19F1900857770 /* UIView+HandyAutoLayout.h */ = {isa = PBXFileReference; fileEncoding = 4; lastKnownFileType = sourcecode.c.h; path = "UIView+HandyAutoLayout.h"; sourceTree = "<group>"; };
		4744684F1EF19F1900857770 /* UIView+HandyAutoLayout.m */ = {isa = PBXFileReference; fileEncoding = 4; lastKnownFileType = sourcecode.c.objc; path = "UIView+HandyAutoLayout.m"; sourceTree = "<group>"; };
		474468501EF19F1900857770 /* UIView+LayoutMethods.h */ = {isa = PBXFileReference; fileEncoding = 4; lastKnownFileType = sourcecode.c.h; path = "UIView+LayoutMethods.h"; sourceTree = "<group>"; };
		474468511EF19F1900857770 /* UIView+LayoutMethods.m */ = {isa = PBXFileReference; fileEncoding = 4; lastKnownFileType = sourcecode.c.objc; path = "UIView+LayoutMethods.m"; sourceTree = "<group>"; };
		474468561EF1A01900857770 /* CTPersistanceAsyncExecutor.h */ = {isa = PBXFileReference; fileEncoding = 4; lastKnownFileType = sourcecode.c.h; path = CTPersistanceAsyncExecutor.h; sourceTree = "<group>"; };
		474468571EF1A01900857770 /* CTPersistanceAsyncExecutor.m */ = {isa = PBXFileReference; fileEncoding = 4; lastKnownFileType = sourcecode.c.objc; path = CTPersistanceAsyncExecutor.m; sourceTree = "<group>"; };
		4744685B1EF1A01900857770 /* NSArray+CTPersistanceRecordTransform.h */ = {isa = PBXFileReference; fileEncoding = 4; lastKnownFileType = sourcecode.c.h; path = "NSArray+CTPersistanceRecordTransform.h"; sourceTree = "<group>"; };
		4744685C1EF1A01900857770 /* NSArray+CTPersistanceRecordTransform.m */ = {isa = PBXFileReference; fileEncoding = 4; lastKnownFileType = sourcecode.c.objc; path = "NSArray+CTPersistanceRecordTransform.m"; sourceTree = "<group>"; };
		4744685F1EF1A01900857770 /* NSString+ReqularExpression.h */ = {isa = PBXFileReference; fileEncoding = 4; lastKnownFileType = sourcecode.c.h; path = "NSString+ReqularExpression.h"; sourceTree = "<group>"; };
		474468601EF1A01900857770 /* NSString+ReqularExpression.m */ = {isa = PBXFileReference; fileEncoding = 4; lastKnownFileType = sourcecode.c.objc; path = "NSString+ReqularExpression.m"; sourceTree = "<group>"; };
		474468621EF1A01900857770 /* NSString+SQL.h */ = {isa = PBXFileReference; fileEncoding = 4; lastKnownFileType = sourcecode.c.h; path = "NSString+SQL.h"; sourceTree = "<group>"; };
		474468631EF1A01900857770 /* NSString+SQL.m */ = {isa = PBXFileReference; fileEncoding = 4; lastKnownFileType = sourcecode.c.objc; path = "NSString+SQL.m"; sourceTree = "<group>"; };
		474468651EF1A01900857770 /* CTPersistanceCriteria.h */ = {isa = PBXFileReference; fileEncoding = 4; lastKnownFileType = sourcecode.c.h; path = CTPersistanceCriteria.h; sourceTree = "<group>"; };
		474468661EF1A01900857770 /* CTPersistanceCriteria.m */ = {isa = PBXFileReference; fileEncoding = 4; lastKnownFileType = sourcecode.c.objc; path = CTPersistanceCriteria.m; sourceTree = "<group>"; };
		474468671EF1A01900857770 /* CTPersistance.h */ = {isa = PBXFileReference; fileEncoding = 4; lastKnownFileType = sourcecode.c.h; path = CTPersistance.h; sourceTree = "<group>"; };
		474468681EF1A01900857770 /* CTPersistanceConfiguration.h */ = {isa = PBXFileReference; fileEncoding = 4; lastKnownFileType = sourcecode.c.h; path = CTPersistanceConfiguration.h; sourceTree = "<group>"; };
		474468691EF1A01900857770 /* CTPersistanceMarcos.h */ = {isa = PBXFileReference; fileEncoding = 4; lastKnownFileType = sourcecode.c.h; path = CTPersistanceMarcos.h; sourceTree = "<group>"; };
		4744686B1EF1A01900857770 /* CTPersistanceDataBase.h */ = {isa = PBXFileReference; fileEncoding = 4; lastKnownFileType = sourcecode.c.h; path = CTPersistanceDataBase.h; sourceTree = "<group>"; };
		4744686C1EF1A01900857770 /* CTPersistanceDataBase.m */ = {isa = PBXFileReference; fileEncoding = 4; lastKnownFileType = sourcecode.c.objc; path = CTPersistanceDataBase.m; sourceTree = "<group>"; };
		4744686D1EF1A01900857770 /* CTPersistanceDatabasePool.h */ = {isa = PBXFileReference; fileEncoding = 4; lastKnownFileType = sourcecode.c.h; path = CTPersistanceDatabasePool.h; sourceTree = "<group>"; };
		4744686E1EF1A01900857770 /* CTPersistanceDatabasePool.m */ = {isa = PBXFileReference; fileEncoding = 4; lastKnownFileType = sourcecode.c.objc; path = CTPersistanceDatabasePool.m; sourceTree = "<group>"; };
		474468701EF1A01900857770 /* CTPersistanceMigrator.h */ = {isa = PBXFileReference; fileEncoding = 4; lastKnownFileType = sourcecode.c.h; path = CTPersistanceMigrator.h; sourceTree = "<group>"; };
		474468711EF1A01900857770 /* CTPersistanceMigrator.m */ = {isa = PBXFileReference; fileEncoding = 4; lastKnownFileType = sourcecode.c.objc; path = CTPersistanceMigrator.m; sourceTree = "<group>"; };
		474468731EF1A01900857770 /* CTPersistanceVersionTable.h */ = {isa = PBXFileReference; fileEncoding = 4; lastKnownFileType = sourcecode.c.h; path = CTPersistanceVersionTable.h; sourceTree = "<group>"; };
		474468741EF1A01900857770 /* CTPersistanceVersionTable.m */ = {isa = PBXFileReference; fileEncoding = 4; lastKnownFileType = sourcecode.c.objc; path = CTPersistanceVersionTable.m; sourceTree = "<group>"; };
		474468761EF1A01900857770 /* CTPersistanceVersionRecord.h */ = {isa = PBXFileReference; fileEncoding = 4; lastKnownFileType = sourcecode.c.h; path = CTPersistanceVersionRecord.h; sourceTree = "<group>"; };
		474468771EF1A01900857770 /* CTPersistanceVersionRecord.m */ = {isa = PBXFileReference; fileEncoding = 4; lastKnownFileType = sourcecode.c.objc; path = CTPersistanceVersionRecord.m; sourceTree = "<group>"; };
		4744687B1EF1A01900857770 /* CTPersistanceQueryCommand+DataManipulations.h */ = {isa = PBXFileReference; fileEncoding = 4; lastKnownFileType = sourcecode.c.h; path = "CTPersistanceQueryCommand+DataManipulations.h"; sourceTree = "<group>"; };
		4744687C1EF1A01900857770 /* CTPersistanceQueryCommand+DataManipulations.m */ = {isa = PBXFileReference; fileEncoding = 4; lastKnownFileType = sourcecode.c.objc; path = "CTPersistanceQueryCommand+DataManipulations.m"; sourceTree = "<group>"; };
		4744687E1EF1A01900857770 /* CTPersistanceQueryCommand+ReadMethods.h */ = {isa = PBXFileReference; fileEncoding = 4; lastKnownFileType = sourcecode.c.h; path = "CTPersistanceQueryCommand+ReadMethods.h"; sourceTree = "<group>"; };
		4744687F1EF1A01900857770 /* CTPersistanceQueryCommand+ReadMethods.m */ = {isa = PBXFileReference; fileEncoding = 4; lastKnownFileType = sourcecode.c.objc; path = "CTPersistanceQueryCommand+ReadMethods.m"; sourceTree = "<group>"; };
		474468811EF1A01900857770 /* CTPersistanceQueryCommand+SchemaManipulations.h */ = {isa = PBXFileReference; fileEncoding = 4; lastKnownFileType = sourcecode.c.h; path = "CTPersistanceQueryCommand+SchemaManipulations.h"; sourceTree = "<group>"; };
		474468821EF1A01900857770 /* CTPersistanceQueryCommand+SchemaManipulations.m */ = {isa = PBXFileReference; fileEncoding = 4; lastKnownFileType = sourcecode.c.objc; path = "CTPersistanceQueryCommand+SchemaManipulations.m"; sourceTree = "<group>"; };
		474468841EF1A01900857770 /* CTPersistanceQueryCommand+Status.h */ = {isa = PBXFileReference; fileEncoding = 4; lastKnownFileType = sourcecode.c.h; path = "CTPersistanceQueryCommand+Status.h"; sourceTree = "<group>"; };
		474468851EF1A01900857770 /* CTPersistanceQueryCommand+Status.m */ = {isa = PBXFileReference; fileEncoding = 4; lastKnownFileType = sourcecode.c.objc; path = "CTPersistanceQueryCommand+Status.m"; sourceTree = "<group>"; };
		474468861EF1A01900857770 /* CTPersistanceQueryCommand.h */ = {isa = PBXFileReference; fileEncoding = 4; lastKnownFileType = sourcecode.c.h; path = CTPersistanceQueryCommand.h; sourceTree = "<group>"; };
		474468871EF1A01900857770 /* CTPersistanceQueryCommand.m */ = {isa = PBXFileReference; fileEncoding = 4; lastKnownFileType = sourcecode.c.objc; path = CTPersistanceQueryCommand.m; sourceTree = "<group>"; };
		474468891EF1A01900857770 /* CTPersistanceRecord.h */ = {isa = PBXFileReference; fileEncoding = 4; lastKnownFileType = sourcecode.c.h; path = CTPersistanceRecord.h; sourceTree = "<group>"; };
		4744688A1EF1A01900857770 /* CTPersistanceRecord.m */ = {isa = PBXFileReference; fileEncoding = 4; lastKnownFileType = sourcecode.c.objc; path = CTPersistanceRecord.m; sourceTree = "<group>"; };
		4744688B1EF1A01900857770 /* CTPersistanceRecordProtocol.h */ = {isa = PBXFileReference; fileEncoding = 4; lastKnownFileType = sourcecode.c.h; path = CTPersistanceRecordProtocol.h; sourceTree = "<group>"; };
		4744688F1EF1A01900857770 /* CTPersistanceTable+Delete.h */ = {isa = PBXFileReference; fileEncoding = 4; lastKnownFileType = sourcecode.c.h; path = "CTPersistanceTable+Delete.h"; sourceTree = "<group>"; };
		474468901EF1A01900857770 /* CTPersistanceTable+Delete.m */ = {isa = PBXFileReference; fileEncoding = 4; lastKnownFileType = sourcecode.c.objc; path = "CTPersistanceTable+Delete.m"; sourceTree = "<group>"; };
		474468921EF1A01900857770 /* CTPersistanceTable+Find.h */ = {isa = PBXFileReference; fileEncoding = 4; lastKnownFileType = sourcecode.c.h; path = "CTPersistanceTable+Find.h"; sourceTree = "<group>"; };
		474468931EF1A01900857770 /* CTPersistanceTable+Find.m */ = {isa = PBXFileReference; fileEncoding = 4; lastKnownFileType = sourcecode.c.objc; path = "CTPersistanceTable+Find.m"; sourceTree = "<group>"; };
		474468951EF1A01900857770 /* CTPersistanceTable+Insert.h */ = {isa = PBXFileReference; fileEncoding = 4; lastKnownFileType = sourcecode.c.h; path = "CTPersistanceTable+Insert.h"; sourceTree = "<group>"; };
		474468961EF1A01900857770 /* CTPersistanceTable+Insert.m */ = {isa = PBXFileReference; fileEncoding = 4; lastKnownFileType = sourcecode.c.objc; path = "CTPersistanceTable+Insert.m"; sourceTree = "<group>"; };
		474468981EF1A01900857770 /* CTPersistanceTable+Update.h */ = {isa = PBXFileReference; fileEncoding = 4; lastKnownFileType = sourcecode.c.h; path = "CTPersistanceTable+Update.h"; sourceTree = "<group>"; };
		474468991EF1A01900857770 /* CTPersistanceTable+Update.m */ = {isa = PBXFileReference; fileEncoding = 4; lastKnownFileType = sourcecode.c.objc; path = "CTPersistanceTable+Update.m"; sourceTree = "<group>"; };
		4744689A1EF1A01900857770 /* CTPersistanceTable.h */ = {isa = PBXFileReference; fileEncoding = 4; lastKnownFileType = sourcecode.c.h; path = CTPersistanceTable.h; sourceTree = "<group>"; };
		4744689B1EF1A01900857770 /* CTPersistanceTable.m */ = {isa = PBXFileReference; fileEncoding = 4; lastKnownFileType = sourcecode.c.objc; path = CTPersistanceTable.m; sourceTree = "<group>"; };
		4744689D1EF1A01900857770 /* CTPersistanceTransaction.h */ = {isa = PBXFileReference; fileEncoding = 4; lastKnownFileType = sourcecode.c.h; path = CTPersistanceTransaction.h; sourceTree = "<group>"; };
		4744689E1EF1A01900857770 /* CTPersistanceTransaction.m */ = {isa = PBXFileReference; fileEncoding = 4; lastKnownFileType = sourcecode.c.objc; path = CTPersistanceTransaction.m; sourceTree = "<group>"; };
		474468B51EF1A0ED00857770 /* libsqlite3.tbd */ = {isa = PBXFileReference; lastKnownFileType = "sourcecode.text-based-dylib-definition"; name = libsqlite3.tbd; path = usr/lib/libsqlite3.tbd; sourceTree = SDKROOT; };
		474468B71EF1AB2F00857770 /* MTVideoView.h */ = {isa = PBXFileReference; fileEncoding = 4; lastKnownFileType = sourcecode.c.h; path = MTVideoView.h; sourceTree = "<group>"; };
		474468B81EF1AB2F00857770 /* MTVideoView.m */ = {isa = PBXFileReference; fileEncoding = 4; lastKnownFileType = sourcecode.c.objc; path = MTVideoView.m; sourceTree = "<group>"; };
		47A977221EF44B0C00621404 /* MTPodscastsView.h */ = {isa = PBXFileReference; fileEncoding = 4; lastKnownFileType = sourcecode.c.h; path = MTPodscastsView.h; sourceTree = "<group>"; };
		47A977231EF44B0C00621404 /* MTPodscastsView.m */ = {isa = PBXFileReference; fileEncoding = 4; lastKnownFileType = sourcecode.c.objc; path = MTPodscastsView.m; sourceTree = "<group>"; };
		47FA88231EF840F700AECDFD /* MTOverlayView.h */ = {isa = PBXFileReference; fileEncoding = 4; lastKnownFileType = sourcecode.c.h; path = MTOverlayView.h; sourceTree = "<group>"; };
		47FA88241EF840F700AECDFD /* MTOverlayView.m */ = {isa = PBXFileReference; fileEncoding = 4; lastKnownFileType = sourcecode.c.objc; path = MTOverlayView.m; sourceTree = "<group>"; };
		9AF88BA27DC636111C047CA8 /* Pods_Video.framework */ = {isa = PBXFileReference; explicitFileType = wrapper.framework; includeInIndex = 0; path = Pods_Video.framework; sourceTree = BUILT_PRODUCTS_DIR; };
		AB65290A52A26C3B0E8F4E7F /* Pods-Video.debug.xcconfig */ = {isa = PBXFileReference; includeInIndex = 1; lastKnownFileType = text.xcconfig; name = "Pods-Video.debug.xcconfig"; path = "Pods/Target Support Files/Pods-Video/Pods-Video.debug.xcconfig"; sourceTree = "<group>"; };
		EFE2F435AFD6761B7D587C44 /* Pods-Video.release.xcconfig */ = {isa = PBXFileReference; includeInIndex = 1; lastKnownFileType = text.xcconfig; name = "Pods-Video.release.xcconfig"; path = "Pods/Target Support Files/Pods-Video/Pods-Video.release.xcconfig"; sourceTree = "<group>"; };
/* End PBXFileReference section */

/* Begin PBXFrameworksBuildPhase section */
		474467F01EF19CE900857770 /* Frameworks */ = {
			isa = PBXFrameworksBuildPhase;
			buildActionMask = 2147483647;
			files = (
				042FC11A1F2A3EDD00B6E507 /* Foundation.framework in Frameworks */,
				0467DE221F2A3D9B000872E7 /* CoreData.framework in Frameworks */,
				474468B61EF1A0ED00857770 /* libsqlite3.tbd in Frameworks */,
				B8778F5614AB9CDA6B91ED47 /* Pods_Video.framework in Frameworks */,
			);
			runOnlyForDeploymentPostprocessing = 0;
		};
/* End PBXFrameworksBuildPhase section */

/* Begin PBXGroup section */
		042FC1261F2A416300B6E507 /* Classes */ = {
			isa = PBXGroup;
			children = (
				042FC1331F2A453200B6E507 /* _MTVideo.h */,
				042FC1341F2A453200B6E507 /* _MTVideo.m */,
				042FC1351F2A453200B6E507 /* MTVideo.h */,
				042FC1361F2A453200B6E507 /* MTVideo.m */,
			);
			name = Classes;
			path = Video/Model/Classes;
			sourceTree = SOURCE_ROOT;
		};
		043E62DE1F2F6B6A002ECE33 /* InfoView */ = {
			isa = PBXGroup;
			children = (
				04D369A71F0563720058A484 /* MTInfoView.h */,
				04D369A81F0563720058A484 /* MTInfoView.m */,
				04D369A91F0563720058A484 /* MTInfoView.xib */,
			);
			name = InfoView;
			sourceTree = "<group>";
		};
		043E62DF1F2F6B78002ECE33 /* MenuCell */ = {
			isa = PBXGroup;
			children = (
				04C509911F1666E4006A9084 /* MenuCell.h */,
				04C509921F1666E4006A9084 /* MenuCell.m */,
			);
			name = MenuCell;
			sourceTree = "<group>";
		};
		043E62E01F2F6BE6002ECE33 /* GridView */ = {
			isa = PBXGroup;
			children = (
				043E62E61F2F6CF6002ECE33 /* MTGridView.h */,
				043E62E71F2F6CF6002ECE33 /* MTGridView.m */,
				043E62E91F2F6D11002ECE33 /* MTGridView.xib */,
				043E62EB1F2F6FE8002ECE33 /* MTGridViewCell.h */,
				043E62EC1F2F6FE8002ECE33 /* MTGridViewCell.m */,
			);
			name = GridView;
			sourceTree = "<group>";
		};
		043E62E11F2F6C2C002ECE33 /* Module */ = {
			isa = PBXGroup;
			children = (
				043E62E21F2F6C3B002ECE33 /* GridView */,
			);
			name = Module;
			sourceTree = "<group>";
		};
		043E62E21F2F6C3B002ECE33 /* GridView */ = {
			isa = PBXGroup;
			children = (
				043E62E31F2F6C6B002ECE33 /* GridController.h */,
				043E62E41F2F6C6B002ECE33 /* GridController.m */,
			);
			name = GridView;
			sourceTree = "<group>";
		};
		0467DD531F29462D000872E7 /* DAL */ = {
			isa = PBXGroup;
			children = (
				0467DD541F29462D000872E7 /* Requests&Responses */,
				0467DDA11F29462D000872E7 /* SDAuth.h */,
				0467DDA21F29462D000872E7 /* SDAuth.m */,
				0467DDA31F29462D000872E7 /* SDDepotRequestHandler.h */,
				0467DDA41F29462D000872E7 /* SDDepotRequestHandler.m */,
				0467DDA51F29462D000872E7 /* SDDispatcher.h */,
				0467DDA61F29462D000872E7 /* SDDispatcher.m */,
				0467DDA71F29462D000872E7 /* SDRequest.h */,
				0467DDA81F29462D000872E7 /* SDRequest.m */,
				0467DDA91F29462D000872E7 /* SDRequestHandler.h */,
				0467DDAA1F29462D000872E7 /* SDRequestHandler.m */,
				0467DDAB1F29462D000872E7 /* SDResult.h */,
				0467DDAC1F29462D000872E7 /* SDResult.m */,
				0467DDAD1F29462D000872E7 /* SDServiceRequestHandler.h */,
				0467DDAE1F29462D000872E7 /* SDServiceRequestHandler.m */,
			);
			path = DAL;
			sourceTree = "<group>";
		};
		0467DD541F29462D000872E7 /* Requests&Responses */ = {
			isa = PBXGroup;
			children = (
				0467DD6D1F29462D000872E7 /* MTGetVideosRequest.h */,
				0467DD6E1F29462D000872E7 /* MTGetVideosRequest.m */,
				0467DD6F1F29462D000872E7 /* MTGetVideosResponse.h */,
				0467DD701F29462D000872E7 /* MTGetVideosResponse.m */,
				0467DD791F29462D000872E7 /* MTLoginRequest.h */,
				0467DD7A1F29462D000872E7 /* MTLoginRequest.m */,
				0467DD7B1F29462D000872E7 /* MTLoginResponse.h */,
				0467DD7C1F29462D000872E7 /* MTLoginResponse.m */,
			);
			path = "Requests&Responses";
			sourceTree = "<group>";
		};
		0467DDED1F294965000872E7 /* Additions */ = {
			isa = PBXGroup;
			children = (
				0467DDEE1F294965000872E7 /* NSObject+PNCast.h */,
				0467DDEF1F294965000872E7 /* NSObject+PNCast.m */,
				0467DDF01F294965000872E7 /* NSString+MTAdditions.h */,
				0467DDF11F294965000872E7 /* NSString+MTAdditions.m */,
				0467DDF21F294965000872E7 /* NSString+SDAdditions.h */,
				0467DDF31F294965000872E7 /* NSString+SDAdditions.m */,
				0467DDF41F294965000872E7 /* NSString+Validation.h */,
				0467DDF51F294965000872E7 /* NSString+Validation.m */,
				0467DDF61F294965000872E7 /* SingleLineTextField.h */,
				0467DDF71F294965000872E7 /* SingleLineTextField.m */,
				0467DDF81F294965000872E7 /* UIColor+BFPaperColors.h */,
				0467DDF91F294965000872E7 /* UIColor+BFPaperColors.m */,
				0467DDFA1F294965000872E7 /* UIImage+Blur.h */,
				0467DDFB1F294965000872E7 /* UIImage+Blur.m */,
				0467DDFC1F294965000872E7 /* UIImage_SDAdditions.h */,
				0467DDFD1F294965000872E7 /* UIImage_SDAdditions.m */,
			);
			name = Additions;
			path = Video/Common/Additions;
			sourceTree = SOURCE_ROOT;
		};
		04C509531F1659EF006A9084 /* Resources */ = {
			isa = PBXGroup;
			children = (
			);
			path = Resources;
			sourceTree = "<group>";
		};
		474467EA1EF19CE900857770 = {
			isa = PBXGroup;
			children = (
				474467F51EF19CE900857770 /* Video */,
				474467F41EF19CE900857770 /* Products */,
				777D0C1B4272F6885C198567 /* Pods */,
				8BD21D4D88CE4C8B4B2BC6B2 /* Frameworks */,
			);
			sourceTree = "<group>";
		};
		474467F41EF19CE900857770 /* Products */ = {
			isa = PBXGroup;
			children = (
				474467F31EF19CE900857770 /* Video.app */,
			);
			name = Products;
			sourceTree = "<group>";
		};
		474467F51EF19CE900857770 /* Video */ = {
			isa = PBXGroup;
			children = (
				043E62E11F2F6C2C002ECE33 /* Module */,
				0467DD531F29462D000872E7 /* DAL */,
				04C509531F1659EF006A9084 /* Resources */,
				47FA88211EF8232200AECDFD /* Common */,
				47A9772B1EF6998F00621404 /* Model */,
				47A977251EF6955600621404 /* View */,
				4744680D1EF19E6400857770 /* CTVideoView */,
				474467F91EF19CE900857770 /* AppDelegate.h */,
				474467FA1EF19CE900857770 /* AppDelegate.m */,
				474467FC1EF19CE900857770 /* ViewController.h */,
				474467FD1EF19CE900857770 /* ViewController.m */,
				474467FF1EF19CE900857770 /* Main.storyboard */,
				474468021EF19CE900857770 /* Assets.xcassets */,
				474468041EF19CE900857770 /* LaunchScreen.storyboard */,
				474468071EF19CE900857770 /* Info.plist */,
				474467F61EF19CE900857770 /* Supporting Files */,
			);
			path = Video;
			sourceTree = "<group>";
		};
		474467F61EF19CE900857770 /* Supporting Files */ = {
			isa = PBXGroup;
			children = (
				474467F71EF19CE900857770 /* main.m */,
			);
			name = "Supporting Files";
			sourceTree = "<group>";
		};
		4744680D1EF19E6400857770 /* CTVideoView */ = {
			isa = PBXGroup;
			children = (
				043E62DA1F2CB7BE002ECE33 /* MTVideScrubber.h */,
				043E62DB1F2CB7BE002ECE33 /* MTVideScrubber.m */,
				47FA88231EF840F700AECDFD /* MTOverlayView.h */,
				47FA88241EF840F700AECDFD /* MTOverlayView.m */,
				474468B71EF1AB2F00857770 /* MTVideoView.h */,
				474468B81EF1AB2F00857770 /* MTVideoView.m */,
				47A977221EF44B0C00621404 /* MTPodscastsView.h */,
				47A977231EF44B0C00621404 /* MTPodscastsView.m */,
				474468541EF1A01900857770 /* CTPersistance */,
				4744684D1EF19F1900857770 /* HandyFrame */,
				4744680E1EF19E6400857770 /* Categories */,
				4744682C1EF19E6400857770 /* Components */,
				4744683C1EF19E6400857770 /* CTVideoViewCommonHeader.h */,
				4744683D1EF19E6400857770 /* Headers */,
			);
			path = CTVideoView;
			sourceTree = "<group>";
		};
		4744680E1EF19E6400857770 /* Categories */ = {
			isa = PBXGroup;
			children = (
				4744680F1EF19E6400857770 /* AVAsset */,
				474468121EF19E6400857770 /* CTVideoView */,
				474468291EF19E6400857770 /* UIPanGestureRecognizer */,
			);
			path = Categories;
			sourceTree = "<group>";
		};
		4744680F1EF19E6400857770 /* AVAsset */ = {
			isa = PBXGroup;
			children = (
				474468101EF19E6400857770 /* AVAsset+CTVideoView.h */,
				474468111EF19E6400857770 /* AVAsset+CTVideoView.m */,
			);
			path = AVAsset;
			sourceTree = "<group>";
		};
		474468121EF19E6400857770 /* CTVideoView */ = {
			isa = PBXGroup;
			children = (
				474468131EF19E6400857770 /* Download */,
				474468161EF19E6400857770 /* FullScreen */,
				474468231EF19E6400857770 /* Time */,
				474468261EF19E6400857770 /* VideoCoverView */,
			);
			path = CTVideoView;
			sourceTree = "<group>";
		};
		474468131EF19E6400857770 /* Download */ = {
			isa = PBXGroup;
			children = (
				474468141EF19E6400857770 /* CTVideoView+Download.h */,
				474468151EF19E6400857770 /* CTVideoView+Download.m */,
			);
			path = Download;
			sourceTree = "<group>";
		};
		474468161EF19E6400857770 /* FullScreen */ = {
			isa = PBXGroup;
			children = (
				474468171EF19E6400857770 /* CTVideoView+FullScreen.h */,
				474468181EF19E6400857770 /* CTVideoView+FullScreen.m */,
			);
			path = FullScreen;
			sourceTree = "<group>";
		};
		474468231EF19E6400857770 /* Time */ = {
			isa = PBXGroup;
			children = (
				474468241EF19E6400857770 /* CTVideoView+Time.h */,
				474468251EF19E6400857770 /* CTVideoView+Time.m */,
			);
			path = Time;
			sourceTree = "<group>";
		};
		474468261EF19E6400857770 /* VideoCoverView */ = {
			isa = PBXGroup;
			children = (
				474468271EF19E6400857770 /* CTVideoView+VideoCoverView.h */,
				474468281EF19E6400857770 /* CTVideoView+VideoCoverView.m */,
			);
			path = VideoCoverView;
			sourceTree = "<group>";
		};
		474468291EF19E6400857770 /* UIPanGestureRecognizer */ = {
			isa = PBXGroup;
			children = (
				4744682A1EF19E6400857770 /* UIPanGestureRecognizer+ExtraMethods.h */,
				4744682B1EF19E6400857770 /* UIPanGestureRecognizer+ExtraMethods.m */,
			);
			path = UIPanGestureRecognizer;
			sourceTree = "<group>";
		};
		4744682C1EF19E6400857770 /* Components */ = {
			isa = PBXGroup;
			children = (
				4744682D1EF19E6400857770 /* CTVideoView */,
				474468301EF19E6400857770 /* DataCenter */,
				474468391EF19E6400857770 /* DownloadManager */,
			);
			path = Components;
			sourceTree = "<group>";
		};
		4744682D1EF19E6400857770 /* CTVideoView */ = {
			isa = PBXGroup;
			children = (
				4744682E1EF19E6400857770 /* CTVideoView.h */,
				4744682F1EF19E6400857770 /* CTVideoView.m */,
			);
			path = CTVideoView;
			sourceTree = "<group>";
		};
		474468301EF19E6400857770 /* DataCenter */ = {
			isa = PBXGroup;
			children = (
				474468311EF19E6400857770 /* CTVideoDataCenter.h */,
				474468321EF19E6400857770 /* CTVideoDataCenter.m */,
				474468331EF19E6400857770 /* VideoRecord */,
				474468361EF19E6400857770 /* VideoTable */,
			);
			path = DataCenter;
			sourceTree = "<group>";
		};
		474468331EF19E6400857770 /* VideoRecord */ = {
			isa = PBXGroup;
			children = (
				474468341EF19E6400857770 /* CTVideoRecord.h */,
				474468351EF19E6400857770 /* CTVideoRecord.m */,
			);
			path = VideoRecord;
			sourceTree = "<group>";
		};
		474468361EF19E6400857770 /* VideoTable */ = {
			isa = PBXGroup;
			children = (
				474468371EF19E6400857770 /* CTVideoTable.h */,
				474468381EF19E6400857770 /* CTVideoTable.m */,
			);
			path = VideoTable;
			sourceTree = "<group>";
		};
		474468391EF19E6400857770 /* DownloadManager */ = {
			isa = PBXGroup;
			children = (
				4744683A1EF19E6400857770 /* CTVideoManager.h */,
				4744683B1EF19E6400857770 /* CTVideoManager.m */,
			);
			path = DownloadManager;
			sourceTree = "<group>";
		};
		4744683D1EF19E6400857770 /* Headers */ = {
			isa = PBXGroup;
			children = (
				4744683E1EF19E6400857770 /* CTVideoViewDefinitions.h */,
			);
			path = Headers;
			sourceTree = "<group>";
		};
		4744684D1EF19F1900857770 /* HandyFrame */ = {
			isa = PBXGroup;
			children = (
				4744684E1EF19F1900857770 /* UIView+HandyAutoLayout.h */,
				4744684F1EF19F1900857770 /* UIView+HandyAutoLayout.m */,
				474468501EF19F1900857770 /* UIView+LayoutMethods.h */,
				474468511EF19F1900857770 /* UIView+LayoutMethods.m */,
			);
			path = HandyFrame;
			sourceTree = "<group>";
		};
		474468541EF1A01900857770 /* CTPersistance */ = {
			isa = PBXGroup;
			children = (
				474468551EF1A01900857770 /* Async */,
				474468581EF1A01900857770 /* Categories */,
				474468641EF1A01900857770 /* Criteria */,
				474468671EF1A01900857770 /* CTPersistance.h */,
				474468681EF1A01900857770 /* CTPersistanceConfiguration.h */,
				474468691EF1A01900857770 /* CTPersistanceMarcos.h */,
				4744686A1EF1A01900857770 /* Database */,
				4744686F1EF1A01900857770 /* Migration */,
				474468781EF1A01900857770 /* QueryCommand */,
				474468881EF1A01900857770 /* Record */,
				4744688C1EF1A01900857770 /* Table */,
				4744689C1EF1A01900857770 /* Transaction */,
			);
			path = CTPersistance;
			sourceTree = "<group>";
		};
		474468551EF1A01900857770 /* Async */ = {
			isa = PBXGroup;
			children = (
				474468561EF1A01900857770 /* CTPersistanceAsyncExecutor.h */,
				474468571EF1A01900857770 /* CTPersistanceAsyncExecutor.m */,
			);
			path = Async;
			sourceTree = "<group>";
		};
		474468581EF1A01900857770 /* Categories */ = {
			isa = PBXGroup;
			children = (
				474468591EF1A01900857770 /* NSArray */,
				4744685D1EF1A01900857770 /* NSString */,
			);
			path = Categories;
			sourceTree = "<group>";
		};
		474468591EF1A01900857770 /* NSArray */ = {
			isa = PBXGroup;
			children = (
				4744685A1EF1A01900857770 /* CTPersistanceRecordTransform */,
			);
			path = NSArray;
			sourceTree = "<group>";
		};
		4744685A1EF1A01900857770 /* CTPersistanceRecordTransform */ = {
			isa = PBXGroup;
			children = (
				4744685B1EF1A01900857770 /* NSArray+CTPersistanceRecordTransform.h */,
				4744685C1EF1A01900857770 /* NSArray+CTPersistanceRecordTransform.m */,
			);
			path = CTPersistanceRecordTransform;
			sourceTree = "<group>";
		};
		4744685D1EF1A01900857770 /* NSString */ = {
			isa = PBXGroup;
			children = (
				4744685E1EF1A01900857770 /* ReqularExpression */,
				474468611EF1A01900857770 /* SQL */,
			);
			path = NSString;
			sourceTree = "<group>";
		};
		4744685E1EF1A01900857770 /* ReqularExpression */ = {
			isa = PBXGroup;
			children = (
				4744685F1EF1A01900857770 /* NSString+ReqularExpression.h */,
				474468601EF1A01900857770 /* NSString+ReqularExpression.m */,
			);
			path = ReqularExpression;
			sourceTree = "<group>";
		};
		474468611EF1A01900857770 /* SQL */ = {
			isa = PBXGroup;
			children = (
				474468621EF1A01900857770 /* NSString+SQL.h */,
				474468631EF1A01900857770 /* NSString+SQL.m */,
			);
			path = SQL;
			sourceTree = "<group>";
		};
		474468641EF1A01900857770 /* Criteria */ = {
			isa = PBXGroup;
			children = (
				474468651EF1A01900857770 /* CTPersistanceCriteria.h */,
				474468661EF1A01900857770 /* CTPersistanceCriteria.m */,
			);
			path = Criteria;
			sourceTree = "<group>";
		};
		4744686A1EF1A01900857770 /* Database */ = {
			isa = PBXGroup;
			children = (
				4744686B1EF1A01900857770 /* CTPersistanceDataBase.h */,
				4744686C1EF1A01900857770 /* CTPersistanceDataBase.m */,
				4744686D1EF1A01900857770 /* CTPersistanceDatabasePool.h */,
				4744686E1EF1A01900857770 /* CTPersistanceDatabasePool.m */,
			);
			path = Database;
			sourceTree = "<group>";
		};
		4744686F1EF1A01900857770 /* Migration */ = {
			isa = PBXGroup;
			children = (
				474468701EF1A01900857770 /* CTPersistanceMigrator.h */,
				474468711EF1A01900857770 /* CTPersistanceMigrator.m */,
				474468721EF1A01900857770 /* MigrationVersionTable */,
			);
			path = Migration;
			sourceTree = "<group>";
		};
		474468721EF1A01900857770 /* MigrationVersionTable */ = {
			isa = PBXGroup;
			children = (
				474468731EF1A01900857770 /* CTPersistanceVersionTable.h */,
				474468741EF1A01900857770 /* CTPersistanceVersionTable.m */,
				474468751EF1A01900857770 /* Record */,
			);
			path = MigrationVersionTable;
			sourceTree = "<group>";
		};
		474468751EF1A01900857770 /* Record */ = {
			isa = PBXGroup;
			children = (
				474468761EF1A01900857770 /* CTPersistanceVersionRecord.h */,
				474468771EF1A01900857770 /* CTPersistanceVersionRecord.m */,
			);
			path = Record;
			sourceTree = "<group>";
		};
		474468781EF1A01900857770 /* QueryCommand */ = {
			isa = PBXGroup;
			children = (
				474468791EF1A01900857770 /* Categories */,
				474468861EF1A01900857770 /* CTPersistanceQueryCommand.h */,
				474468871EF1A01900857770 /* CTPersistanceQueryCommand.m */,
			);
			path = QueryCommand;
			sourceTree = "<group>";
		};
		474468791EF1A01900857770 /* Categories */ = {
			isa = PBXGroup;
			children = (
				4744687A1EF1A01900857770 /* DataManipulations */,
				4744687D1EF1A01900857770 /* ReadingMethods */,
				474468801EF1A01900857770 /* SchemaManipulations */,
				474468831EF1A01900857770 /* StatusMethods */,
			);
			path = Categories;
			sourceTree = "<group>";
		};
		4744687A1EF1A01900857770 /* DataManipulations */ = {
			isa = PBXGroup;
			children = (
				4744687B1EF1A01900857770 /* CTPersistanceQueryCommand+DataManipulations.h */,
				4744687C1EF1A01900857770 /* CTPersistanceQueryCommand+DataManipulations.m */,
			);
			path = DataManipulations;
			sourceTree = "<group>";
		};
		4744687D1EF1A01900857770 /* ReadingMethods */ = {
			isa = PBXGroup;
			children = (
				4744687E1EF1A01900857770 /* CTPersistanceQueryCommand+ReadMethods.h */,
				4744687F1EF1A01900857770 /* CTPersistanceQueryCommand+ReadMethods.m */,
			);
			path = ReadingMethods;
			sourceTree = "<group>";
		};
		474468801EF1A01900857770 /* SchemaManipulations */ = {
			isa = PBXGroup;
			children = (
				474468811EF1A01900857770 /* CTPersistanceQueryCommand+SchemaManipulations.h */,
				474468821EF1A01900857770 /* CTPersistanceQueryCommand+SchemaManipulations.m */,
			);
			path = SchemaManipulations;
			sourceTree = "<group>";
		};
		474468831EF1A01900857770 /* StatusMethods */ = {
			isa = PBXGroup;
			children = (
				474468841EF1A01900857770 /* CTPersistanceQueryCommand+Status.h */,
				474468851EF1A01900857770 /* CTPersistanceQueryCommand+Status.m */,
			);
			path = StatusMethods;
			sourceTree = "<group>";
		};
		474468881EF1A01900857770 /* Record */ = {
			isa = PBXGroup;
			children = (
				474468891EF1A01900857770 /* CTPersistanceRecord.h */,
				4744688A1EF1A01900857770 /* CTPersistanceRecord.m */,
				4744688B1EF1A01900857770 /* CTPersistanceRecordProtocol.h */,
			);
			path = Record;
			sourceTree = "<group>";
		};
		4744688C1EF1A01900857770 /* Table */ = {
			isa = PBXGroup;
			children = (
				4744688D1EF1A01900857770 /* Categories */,
				4744689A1EF1A01900857770 /* CTPersistanceTable.h */,
				4744689B1EF1A01900857770 /* CTPersistanceTable.m */,
			);
			path = Table;
			sourceTree = "<group>";
		};
		4744688D1EF1A01900857770 /* Categories */ = {
			isa = PBXGroup;
			children = (
				4744688E1EF1A01900857770 /* Delete */,
				474468911EF1A01900857770 /* Find */,
				474468941EF1A01900857770 /* Insert */,
				474468971EF1A01900857770 /* Update */,
			);
			path = Categories;
			sourceTree = "<group>";
		};
		4744688E1EF1A01900857770 /* Delete */ = {
			isa = PBXGroup;
			children = (
				4744688F1EF1A01900857770 /* CTPersistanceTable+Delete.h */,
				474468901EF1A01900857770 /* CTPersistanceTable+Delete.m */,
			);
			path = Delete;
			sourceTree = "<group>";
		};
		474468911EF1A01900857770 /* Find */ = {
			isa = PBXGroup;
			children = (
				474468921EF1A01900857770 /* CTPersistanceTable+Find.h */,
				474468931EF1A01900857770 /* CTPersistanceTable+Find.m */,
			);
			path = Find;
			sourceTree = "<group>";
		};
		474468941EF1A01900857770 /* Insert */ = {
			isa = PBXGroup;
			children = (
				474468951EF1A01900857770 /* CTPersistanceTable+Insert.h */,
				474468961EF1A01900857770 /* CTPersistanceTable+Insert.m */,
			);
			path = Insert;
			sourceTree = "<group>";
		};
		474468971EF1A01900857770 /* Update */ = {
			isa = PBXGroup;
			children = (
				474468981EF1A01900857770 /* CTPersistanceTable+Update.h */,
				474468991EF1A01900857770 /* CTPersistanceTable+Update.m */,
			);
			path = Update;
			sourceTree = "<group>";
		};
		4744689C1EF1A01900857770 /* Transaction */ = {
			isa = PBXGroup;
			children = (
				4744689D1EF1A01900857770 /* CTPersistanceTransaction.h */,
				4744689E1EF1A01900857770 /* CTPersistanceTransaction.m */,
			);
			path = Transaction;
			sourceTree = "<group>";
		};
		47A977251EF6955600621404 /* View */ = {
			isa = PBXGroup;
			children = (
				043E62E01F2F6BE6002ECE33 /* GridView */,
				043E62DF1F2F6B78002ECE33 /* MenuCell */,
				043E62DE1F2F6B6A002ECE33 /* InfoView */,
			);
			path = View;
			sourceTree = "<group>";
		};
		47A9772B1EF6998F00621404 /* Model */ = {
			isa = PBXGroup;
			children = (
				042FC1261F2A416300B6E507 /* Classes */,
				0467DDEB1F2948FB000872E7 /* Model.xcdatamodel */,
				0467DDDC1F294680000872E7 /* MTDataModel.h */,
				0467DDDD1F294680000872E7 /* MTDataModel.m */,
			);
			name = Model;
			path = ../../../../../../Rostyslav.Stepanyak/Work/iOS/Video/Video/Video/Model;
			sourceTree = "<group>";
		};
		47FA88211EF8232200AECDFD /* Common */ = {
			isa = PBXGroup;
			children = (
				0467DDED1F294965000872E7 /* Additions */,
				043E62DD1F2F61CC002ECE33 /* VideoUI.pch */,
				04D369A31F0563170058A484 /* Constants.h */,
				0467DE061F294A91000872E7 /* Reachability.h */,
				0467DE071F294A91000872E7 /* Reachability.m */,
				0467DE081F294A91000872E7 /* SDInternetConnection.h */,
				0467DE091F294A91000872E7 /* SDInternetConnection.m */,
				0467DE0A1F294A91000872E7 /* SDKeyStorage.h */,
				0467DE0B1F294A91000872E7 /* SDKeyStorage.m */,
				0467DE0C1F294A91000872E7 /* SDUserSettings.h */,
				0467DE0D1F294A91000872E7 /* SDUserSettings.m */,
			);
			name = Common;
			path = ../../../../../../Rostyslav.Stepanyak/Work/iOS/Video/Video/Video/Common;
			sourceTree = "<group>";
		};
		777D0C1B4272F6885C198567 /* Pods */ = {
			isa = PBXGroup;
			children = (
				AB65290A52A26C3B0E8F4E7F /* Pods-Video.debug.xcconfig */,
				EFE2F435AFD6761B7D587C44 /* Pods-Video.release.xcconfig */,
			);
			name = Pods;
			sourceTree = "<group>";
		};
		8BD21D4D88CE4C8B4B2BC6B2 /* Frameworks */ = {
			isa = PBXGroup;
			children = (
				042FC1191F2A3EDD00B6E507 /* Foundation.framework */,
				0467DE211F2A3D9B000872E7 /* CoreData.framework */,
				474468B51EF1A0ED00857770 /* libsqlite3.tbd */,
				9AF88BA27DC636111C047CA8 /* Pods_Video.framework */,
			);
			name = Frameworks;
			sourceTree = "<group>";
		};
/* End PBXGroup section */

/* Begin PBXNativeTarget section */
		474467F21EF19CE900857770 /* Video */ = {
			isa = PBXNativeTarget;
			buildConfigurationList = 4744680A1EF19CE900857770 /* Build configuration list for PBXNativeTarget "Video" */;
			buildPhases = (
				E8D95E5EDB9A24B5B7C3F413 /* [CP] Check Pods Manifest.lock */,
				474467EF1EF19CE900857770 /* Sources */,
				474467F01EF19CE900857770 /* Frameworks */,
				474467F11EF19CE900857770 /* Resources */,
				D6C1C2601556239961EE3987 /* [CP] Embed Pods Frameworks */,
				26D16EB6BF6260F60BE14140 /* [CP] Copy Pods Resources */,
				0467DE121F2A3B84000872E7 /* ShellScript */,
			);
			buildRules = (
			);
			dependencies = (
			);
			name = Video;
			productName = Video;
			productReference = 474467F31EF19CE900857770 /* Video.app */;
			productType = "com.apple.product-type.application";
		};
/* End PBXNativeTarget section */

/* Begin PBXProject section */
		474467EB1EF19CE900857770 /* Project object */ = {
			isa = PBXProject;
			attributes = {
				LastUpgradeCheck = 0830;
				ORGANIZATIONNAME = Rostyslav.Stepanyak;
				TargetAttributes = {
					474467F21EF19CE900857770 = {
						CreatedOnToolsVersion = 8.3.3;
						DevelopmentTeam = 77QD7V8745;
						LastSwiftMigration = 0830;
						ProvisioningStyle = Automatic;
					};
				};
			};
			buildConfigurationList = 474467EE1EF19CE900857770 /* Build configuration list for PBXProject "Video" */;
			compatibilityVersion = "Xcode 3.2";
			developmentRegion = English;
			hasScannedForEncodings = 0;
			knownRegions = (
				en,
				Base,
			);
			mainGroup = 474467EA1EF19CE900857770;
			productRefGroup = 474467F41EF19CE900857770 /* Products */;
			projectDirPath = "";
			projectRoot = "";
			targets = (
				474467F21EF19CE900857770 /* Video */,
			);
		};
/* End PBXProject section */

/* Begin PBXResourcesBuildPhase section */
		474467F11EF19CE900857770 /* Resources */ = {
			isa = PBXResourcesBuildPhase;
			buildActionMask = 2147483647;
			files = (
				474468061EF19CE900857770 /* LaunchScreen.storyboard in Resources */,
				474468031EF19CE900857770 /* Assets.xcassets in Resources */,
				474468011EF19CE900857770 /* Main.storyboard in Resources */,
				043E62EA1F2F6D11002ECE33 /* MTGridView.xib in Resources */,
				04D369AB1F0563720058A484 /* MTInfoView.xib in Resources */,
			);
			runOnlyForDeploymentPostprocessing = 0;
		};
/* End PBXResourcesBuildPhase section */

/* Begin PBXShellScriptBuildPhase section */
		0467DE121F2A3B84000872E7 /* ShellScript */ = {
			isa = PBXShellScriptBuildPhase;
			buildActionMask = 2147483647;
			files = (
			);
			inputPaths = (
			);
			outputPaths = (
			);
			runOnlyForDeploymentPostprocessing = 0;
			shellPath = /bin/sh;
			shellScript = "mogenerator -m Video/Model/Model.xcdatamodeld -O Video/Model/Classes --template-var arc=true\n";
		};
		26D16EB6BF6260F60BE14140 /* [CP] Copy Pods Resources */ = {
			isa = PBXShellScriptBuildPhase;
			buildActionMask = 2147483647;
			files = (
			);
			inputPaths = (
			);
			name = "[CP] Copy Pods Resources";
			outputPaths = (
			);
			runOnlyForDeploymentPostprocessing = 0;
			shellPath = /bin/sh;
			shellScript = "\"${SRCROOT}/Pods/Target Support Files/Pods-Video/Pods-Video-resources.sh\"\n";
			showEnvVarsInLog = 0;
		};
		D6C1C2601556239961EE3987 /* [CP] Embed Pods Frameworks */ = {
			isa = PBXShellScriptBuildPhase;
			buildActionMask = 2147483647;
			files = (
			);
			inputPaths = (
			);
			name = "[CP] Embed Pods Frameworks";
			outputPaths = (
			);
			runOnlyForDeploymentPostprocessing = 0;
			shellPath = /bin/sh;
			shellScript = "\"${SRCROOT}/Pods/Target Support Files/Pods-Video/Pods-Video-frameworks.sh\"\n";
			showEnvVarsInLog = 0;
		};
		E8D95E5EDB9A24B5B7C3F413 /* [CP] Check Pods Manifest.lock */ = {
			isa = PBXShellScriptBuildPhase;
			buildActionMask = 2147483647;
			files = (
			);
			inputPaths = (
			);
			name = "[CP] Check Pods Manifest.lock";
			outputPaths = (
			);
			runOnlyForDeploymentPostprocessing = 0;
			shellPath = /bin/sh;
			shellScript = "diff \"${PODS_PODFILE_DIR_PATH}/Podfile.lock\" \"${PODS_ROOT}/Manifest.lock\" > /dev/null\nif [ $? != 0 ] ; then\n    # print error to STDERR\n    echo \"error: The sandbox is not in sync with the Podfile.lock. Run 'pod install' or update your CocoaPods installation.\" >&2\n    exit 1\nfi\n";
			showEnvVarsInLog = 0;
		};
/* End PBXShellScriptBuildPhase section */

/* Begin PBXSourcesBuildPhase section */
		474467EF1EF19CE900857770 /* Sources */ = {
			isa = PBXSourcesBuildPhase;
			buildActionMask = 2147483647;
			files = (
				474468AF1EF1A01A00857770 /* CTPersistanceTable+Delete.m in Sources */,
				0467DDDB1F29462D000872E7 /* SDServiceRequestHandler.m in Sources */,
				0467DDBC1F29462D000872E7 /* MTGetVideosResponse.m in Sources */,
				043E62E81F2F6CF6002ECE33 /* MTGridView.m in Sources */,
				0467DE021F294965000872E7 /* SingleLineTextField.m in Sources */,
				4744689F1EF1A01A00857770 /* CTPersistanceAsyncExecutor.m in Sources */,
				474468AA1EF1A01A00857770 /* CTPersistanceQueryCommand+ReadMethods.m in Sources */,
				474468B91EF1AB2F00857770 /* MTVideoView.m in Sources */,
				474468531EF19F1900857770 /* UIView+LayoutMethods.m in Sources */,
				474468A11EF1A01A00857770 /* NSString+ReqularExpression.m in Sources */,
				0467DE051F294965000872E7 /* UIImage_SDAdditions.m in Sources */,
				474468481EF19E6400857770 /* CTVideoView.m in Sources */,
				043E62ED1F2F6FE8002ECE33 /* MTGridViewCell.m in Sources */,
				0467DDDF1F294680000872E7 /* MTDataModel.m in Sources */,
				474468A41EF1A01A00857770 /* CTPersistanceDataBase.m in Sources */,
				474468A51EF1A01A00857770 /* CTPersistanceDatabasePool.m in Sources */,
				0467DE041F294965000872E7 /* UIImage+Blur.m in Sources */,
				474468491EF19E6400857770 /* CTVideoDataCenter.m in Sources */,
				474468A71EF1A01A00857770 /* CTPersistanceVersionTable.m in Sources */,
				474467FE1EF19CE900857770 /* ViewController.m in Sources */,
				042FC1371F2A453200B6E507 /* _MTVideo.m in Sources */,
				0467DDBB1F29462D000872E7 /* MTGetVideosRequest.m in Sources */,
				0467DDD61F29462D000872E7 /* SDDepotRequestHandler.m in Sources */,
				0467DE111F294A91000872E7 /* SDUserSettings.m in Sources */,
				0467DDC21F29462D000872E7 /* MTLoginResponse.m in Sources */,
				474468461EF19E6400857770 /* CTVideoView+VideoCoverView.m in Sources */,
				47FA88251EF840F700AECDFD /* MTOverlayView.m in Sources */,
				474468AE1EF1A01A00857770 /* CTPersistanceRecord.m in Sources */,
				474468401EF19E6400857770 /* CTVideoView+Download.m in Sources */,
				0467DE001F294965000872E7 /* NSString+SDAdditions.m in Sources */,
				474468A91EF1A01A00857770 /* CTPersistanceQueryCommand+DataManipulations.m in Sources */,
				474468A61EF1A01A00857770 /* CTPersistanceMigrator.m in Sources */,
				474468B11EF1A01A00857770 /* CTPersistanceTable+Insert.m in Sources */,
				0467DE011F294965000872E7 /* NSString+Validation.m in Sources */,
				474468411EF19E6400857770 /* CTVideoView+FullScreen.m in Sources */,
				474467FB1EF19CE900857770 /* AppDelegate.m in Sources */,
				474468451EF19E6400857770 /* CTVideoView+Time.m in Sources */,
				47A977241EF44B0C00621404 /* MTPodscastsView.m in Sources */,
				0467DDD51F29462D000872E7 /* SDAuth.m in Sources */,
				0467DE0F1F294A91000872E7 /* SDInternetConnection.m in Sources */,
				0467DE031F294965000872E7 /* UIColor+BFPaperColors.m in Sources */,
				0467DDFE1F294965000872E7 /* NSObject+PNCast.m in Sources */,
				0467DDDA1F29462D000872E7 /* SDResult.m in Sources */,
				474468AD1EF1A01A00857770 /* CTPersistanceQueryCommand.m in Sources */,
				474468A31EF1A01A00857770 /* CTPersistanceCriteria.m in Sources */,
				474468A21EF1A01A00857770 /* NSString+SQL.m in Sources */,
				0467DE101F294A91000872E7 /* SDKeyStorage.m in Sources */,
				043E62E51F2F6C6B002ECE33 /* GridController.m in Sources */,
				0467DDFF1F294965000872E7 /* NSString+MTAdditions.m in Sources */,
				04C509931F1666E4006A9084 /* MenuCell.m in Sources */,
				0467DDC11F29462D000872E7 /* MTLoginRequest.m in Sources */,
				474468B21EF1A01A00857770 /* CTPersistanceTable+Update.m in Sources */,
				474467F81EF19CE900857770 /* main.m in Sources */,
				474468A81EF1A01A00857770 /* CTPersistanceVersionRecord.m in Sources */,
				0467DDD81F29462D000872E7 /* SDRequest.m in Sources */,
				043E62DC1F2CB7BE002ECE33 /* MTVideScrubber.m in Sources */,
				474468B41EF1A01A00857770 /* CTPersistanceTransaction.m in Sources */,
				0467DDEC1F2948FB000872E7 /* Model.xcdatamodel in Sources */,
				0467DDD91F29462D000872E7 /* SDRequestHandler.m in Sources */,
				474468B01EF1A01A00857770 /* CTPersistanceTable+Find.m in Sources */,
				474468AB1EF1A01A00857770 /* CTPersistanceQueryCommand+SchemaManipulations.m in Sources */,
				4744684A1EF19E6400857770 /* CTVideoRecord.m in Sources */,
				4744684C1EF19E6400857770 /* CTVideoManager.m in Sources */,
				474468AC1EF1A01A00857770 /* CTPersistanceQueryCommand+Status.m in Sources */,
				474468A01EF1A01A00857770 /* NSArray+CTPersistanceRecordTransform.m in Sources */,
				474468521EF19F1900857770 /* UIView+HandyAutoLayout.m in Sources */,
				0467DE0E1F294A91000872E7 /* Reachability.m in Sources */,
				0467DDD71F29462D000872E7 /* SDDispatcher.m in Sources */,
				04D369AA1F0563720058A484 /* MTInfoView.m in Sources */,
				4744683F1EF19E6400857770 /* AVAsset+CTVideoView.m in Sources */,
				042FC1381F2A453200B6E507 /* MTVideo.m in Sources */,
				474468471EF19E6400857770 /* UIPanGestureRecognizer+ExtraMethods.m in Sources */,
				4744684B1EF19E6400857770 /* CTVideoTable.m in Sources */,
				474468B31EF1A01A00857770 /* CTPersistanceTable.m in Sources */,
			);
			runOnlyForDeploymentPostprocessing = 0;
		};
/* End PBXSourcesBuildPhase section */

/* Begin PBXVariantGroup section */
		474467FF1EF19CE900857770 /* Main.storyboard */ = {
			isa = PBXVariantGroup;
			children = (
				474468001EF19CE900857770 /* Base */,
			);
			name = Main.storyboard;
			sourceTree = "<group>";
		};
		474468041EF19CE900857770 /* LaunchScreen.storyboard */ = {
			isa = PBXVariantGroup;
			children = (
				474468051EF19CE900857770 /* Base */,
			);
			name = LaunchScreen.storyboard;
			sourceTree = "<group>";
		};
/* End PBXVariantGroup section */

/* Begin XCBuildConfiguration section */
		474468081EF19CE900857770 /* Debug */ = {
			isa = XCBuildConfiguration;
			buildSettings = {
				ALWAYS_SEARCH_USER_PATHS = NO;
				CLANG_ANALYZER_NONNULL = YES;
				CLANG_ANALYZER_NUMBER_OBJECT_CONVERSION = YES_AGGRESSIVE;
				CLANG_CXX_LANGUAGE_STANDARD = "gnu++0x";
				CLANG_CXX_LIBRARY = "libc++";
				CLANG_ENABLE_MODULES = YES;
				CLANG_ENABLE_OBJC_ARC = YES;
				CLANG_WARN_BOOL_CONVERSION = YES;
				CLANG_WARN_CONSTANT_CONVERSION = YES;
				CLANG_WARN_DIRECT_OBJC_ISA_USAGE = YES_ERROR;
				CLANG_WARN_DOCUMENTATION_COMMENTS = YES;
				CLANG_WARN_EMPTY_BODY = YES;
				CLANG_WARN_ENUM_CONVERSION = YES;
				CLANG_WARN_INFINITE_RECURSION = YES;
				CLANG_WARN_INT_CONVERSION = YES;
				CLANG_WARN_OBJC_ROOT_CLASS = YES_ERROR;
				CLANG_WARN_SUSPICIOUS_MOVE = YES;
				CLANG_WARN_UNREACHABLE_CODE = YES;
				CLANG_WARN__DUPLICATE_METHOD_MATCH = YES;
				"CODE_SIGN_IDENTITY[sdk=iphoneos*]" = "iPhone Developer";
				COPY_PHASE_STRIP = NO;
				DEBUG_INFORMATION_FORMAT = dwarf;
				ENABLE_STRICT_OBJC_MSGSEND = YES;
				ENABLE_TESTABILITY = YES;
				GCC_C_LANGUAGE_STANDARD = gnu99;
				GCC_DYNAMIC_NO_PIC = NO;
				GCC_NO_COMMON_BLOCKS = YES;
				GCC_OPTIMIZATION_LEVEL = 0;
				GCC_PREPROCESSOR_DEFINITIONS = (
					"DEBUG=1",
					"$(inherited)",
				);
				GCC_WARN_64_TO_32_BIT_CONVERSION = YES;
				GCC_WARN_ABOUT_RETURN_TYPE = YES_ERROR;
				GCC_WARN_UNDECLARED_SELECTOR = YES;
				GCC_WARN_UNINITIALIZED_AUTOS = YES_AGGRESSIVE;
				GCC_WARN_UNUSED_FUNCTION = YES;
				GCC_WARN_UNUSED_VARIABLE = YES;
				IPHONEOS_DEPLOYMENT_TARGET = 10.3;
				MTL_ENABLE_DEBUG_INFO = YES;
				ONLY_ACTIVE_ARCH = YES;
				SDKROOT = iphoneos;
				TARGETED_DEVICE_FAMILY = "1,2";
			};
			name = Debug;
		};
		474468091EF19CE900857770 /* Release */ = {
			isa = XCBuildConfiguration;
			buildSettings = {
				ALWAYS_SEARCH_USER_PATHS = NO;
				CLANG_ANALYZER_NONNULL = YES;
				CLANG_ANALYZER_NUMBER_OBJECT_CONVERSION = YES_AGGRESSIVE;
				CLANG_CXX_LANGUAGE_STANDARD = "gnu++0x";
				CLANG_CXX_LIBRARY = "libc++";
				CLANG_ENABLE_MODULES = YES;
				CLANG_ENABLE_OBJC_ARC = YES;
				CLANG_WARN_BOOL_CONVERSION = YES;
				CLANG_WARN_CONSTANT_CONVERSION = YES;
				CLANG_WARN_DIRECT_OBJC_ISA_USAGE = YES_ERROR;
				CLANG_WARN_DOCUMENTATION_COMMENTS = YES;
				CLANG_WARN_EMPTY_BODY = YES;
				CLANG_WARN_ENUM_CONVERSION = YES;
				CLANG_WARN_INFINITE_RECURSION = YES;
				CLANG_WARN_INT_CONVERSION = YES;
				CLANG_WARN_OBJC_ROOT_CLASS = YES_ERROR;
				CLANG_WARN_SUSPICIOUS_MOVE = YES;
				CLANG_WARN_UNREACHABLE_CODE = YES;
				CLANG_WARN__DUPLICATE_METHOD_MATCH = YES;
				"CODE_SIGN_IDENTITY[sdk=iphoneos*]" = "iPhone Developer";
				COPY_PHASE_STRIP = NO;
				DEBUG_INFORMATION_FORMAT = "dwarf-with-dsym";
				ENABLE_NS_ASSERTIONS = NO;
				ENABLE_STRICT_OBJC_MSGSEND = YES;
				GCC_C_LANGUAGE_STANDARD = gnu99;
				GCC_NO_COMMON_BLOCKS = YES;
				GCC_WARN_64_TO_32_BIT_CONVERSION = YES;
				GCC_WARN_ABOUT_RETURN_TYPE = YES_ERROR;
				GCC_WARN_UNDECLARED_SELECTOR = YES;
				GCC_WARN_UNINITIALIZED_AUTOS = YES_AGGRESSIVE;
				GCC_WARN_UNUSED_FUNCTION = YES;
				GCC_WARN_UNUSED_VARIABLE = YES;
				IPHONEOS_DEPLOYMENT_TARGET = 10.3;
				MTL_ENABLE_DEBUG_INFO = NO;
				SDKROOT = iphoneos;
				TARGETED_DEVICE_FAMILY = "1,2";
				VALIDATE_PRODUCT = YES;
			};
			name = Release;
		};
		4744680B1EF19CE900857770 /* Debug */ = {
			isa = XCBuildConfiguration;
			baseConfigurationReference = AB65290A52A26C3B0E8F4E7F /* Pods-Video.debug.xcconfig */;
			buildSettings = {
				ASSETCATALOG_COMPILER_APPICON_NAME = AppIcon;
				CLANG_ENABLE_MODULES = YES;
				DEFINES_MODULE = YES;
				DEVELOPMENT_TEAM = 77QD7V8745;
				GCC_PRECOMPILE_PREFIX_HEADER = YES;
				GCC_PREFIX_HEADER = "$(SRCROOT)/Video/Common/VideoUI.pch";
				INFOPLIST_FILE = Video/Info.plist;
				LD_RUNPATH_SEARCH_PATHS = "$(inherited) @executable_path/Frameworks";
				PRODUCT_BUNDLE_IDENTIFIER = com.local.foodtest;
				PRODUCT_NAME = "$(TARGET_NAME)";
				SWIFT_OBJC_BRIDGING_HEADER = "";
				SWIFT_OPTIMIZATION_LEVEL = "-Onone";
				SWIFT_VERSION = 3.0;
			};
			name = Debug;
		};
		4744680C1EF19CE900857770 /* Release */ = {
			isa = XCBuildConfiguration;
			baseConfigurationReference = EFE2F435AFD6761B7D587C44 /* Pods-Video.release.xcconfig */;
			buildSettings = {
				ASSETCATALOG_COMPILER_APPICON_NAME = AppIcon;
				CLANG_ENABLE_MODULES = YES;
				DEFINES_MODULE = YES;
				DEVELOPMENT_TEAM = 77QD7V8745;
				GCC_PRECOMPILE_PREFIX_HEADER = YES;
				GCC_PREFIX_HEADER = "$(SRCROOT)/Video/Common/VideoUI.pch";
				INFOPLIST_FILE = Video/Info.plist;
				LD_RUNPATH_SEARCH_PATHS = "$(inherited) @executable_path/Frameworks";
				PRODUCT_BUNDLE_IDENTIFIER = com.local.foodtest;
				PRODUCT_NAME = "$(TARGET_NAME)";
				SWIFT_OBJC_BRIDGING_HEADER = "";
				SWIFT_VERSION = 3.0;
			};
			name = Release;
		};
/* End XCBuildConfiguration section */

/* Begin XCConfigurationList section */
		474467EE1EF19CE900857770 /* Build configuration list for PBXProject "Video" */ = {
			isa = XCConfigurationList;
			buildConfigurations = (
				474468081EF19CE900857770 /* Debug */,
				474468091EF19CE900857770 /* Release */,
			);
			defaultConfigurationIsVisible = 0;
			defaultConfigurationName = Release;
		};
		4744680A1EF19CE900857770 /* Build configuration list for PBXNativeTarget "Video" */ = {
			isa = XCConfigurationList;
			buildConfigurations = (
				4744680B1EF19CE900857770 /* Debug */,
				4744680C1EF19CE900857770 /* Release */,
			);
			defaultConfigurationIsVisible = 0;
			defaultConfigurationName = Release;
		};
/* End XCConfigurationList section */
	};
	rootObject = 474467EB1EF19CE900857770 /* Project object */;
}
